<?xml version="1.0" encoding="utf-8"?>
<Project ToolsVersion="4.0" xmlns="http://schemas.microsoft.com/developer/msbuild/2003">
  <ItemGroup>
    <Filter Include="Source Files">
      <UniqueIdentifier>{3641b202-4a6f-4e00-9f2f-4bb35d41f0e1}</UniqueIdentifier>
      <Extensions>cpp;c;cxx;rc;def;r;odl;idl;hpj;bat</Extensions>
    </Filter>
    <Filter Include="Header Files">
      <UniqueIdentifier>{99a62a28-f4ba-4735-b763-2caa044ca4fe}</UniqueIdentifier>
      <Extensions>h;hpp;hxx;hm;inl</Extensions>
    </Filter>
    <Filter Include="Common">
      <UniqueIdentifier>{8b7c3009-4ef4-420b-b383-a7a3034e086a}</UniqueIdentifier>
    </Filter>
    <Filter Include="Common\Source Files No. 1">
      <UniqueIdentifier>{ca45fc1f-b4fc-4266-8b29-7b8a0500e55a}</UniqueIdentifier>
    </Filter>
    <Filter Include="Common\Header Files No. 1">
      <UniqueIdentifier>{f3de01e6-ec34-4a48-961d-11985b73dce0}</UniqueIdentifier>
    </Filter>
    <Filter Include="Common\Resource Files">
      <UniqueIdentifier>{0e47152d-2c89-493c-a869-960369be5054}</UniqueIdentifier>
    </Filter>
  </ItemGroup>
  <ItemGroup>
    <ClCompile Include="LProps_Presentation.cpp">
      <Filter>Source Files</Filter>
    </ClCompile>
    <ClCompile Include="..\Common\ISession\ISession_Curve.cpp">
      <Filter>Common\Source Files No. 1</Filter>
    </ClCompile>
    <ClCompile Include="..\Common\WNT\MainFrm.cpp">
      <Filter>Common\Source Files No. 1</Filter>
    </ClCompile>
    <ClCompile Include="..\Common\WNT\OCCDemo.cpp">
      <Filter>Common\Source Files No. 1</Filter>
    </ClCompile>
    <ClCompile Include="..\Common\OCCDemo_Presentation.cpp">
      <Filter>Common\Source Files No. 1</Filter>
    </ClCompile>
    <ClCompile Include="..\Common\WNT\OCCDemoDoc.cpp">
      <Filter>Common\Source Files No. 1</Filter>
    </ClCompile>
    <ClCompile Include="..\Common\WNT\OCCDemoView.cpp">
      <Filter>Common\Source Files No. 1</Filter>
    </ClCompile>
    <ClCompile Include="..\Common\WNT\ResultDialog.cpp">
      <Filter>Common\Source Files No. 1</Filter>
    </ClCompile>
    <ClCompile Include="..\Common\WNT\StdAfx.cpp">
      <Filter>Common\Source Files No. 1</Filter>
    </ClCompile>
  </ItemGroup>
  <ItemGroup>
    <ClInclude Include="LProps_Presentation.h">
      <Filter>Header Files</Filter>
    </ClInclude>
    <ClInclude Include="..\Common\ISession\ISession_Curve.h">
      <Filter>Common\Header Files No. 1</Filter>
    </ClInclude>
    <ClInclude Include="..\Common\WNT\MainFrm.h">
      <Filter>Common\Header Files No. 1</Filter>
    </ClInclude>
    <ClInclude Include="..\Common\WNT\OCCDemo.h">
      <Filter>Common\Header Files No. 1</Filter>
    </ClInclude>
    <ClInclude Include="..\Common\OCCDemo_Presentation.h">
      <Filter>Common\Header Files No. 1</Filter>
    </ClInclude>
    <ClInclude Include="..\Common\WNT\OCCDemoDoc.h">
      <Filter>Common\Header Files No. 1</Filter>
    </ClInclude>
    <ClInclude Include="..\Common\WNT\OCCDemoView.h">
      <Filter>Common\Header Files No. 1</Filter>
    </ClInclude>
    <ClInclude Include="..\Common\WNT\resource.h">
      <Filter>Common\Header Files No. 1</Filter>
    </ClInclude>
    <ClInclude Include="..\Common\WNT\ResultDialog.h">
      <Filter>Common\Header Files No. 1</Filter>
    </ClInclude>
    <ClInclude Include="..\Common\WNT\StdAfx.h">
      <Filter>Common\Header Files No. 1</Filter>
    </ClInclude>
  </ItemGroup>
  <ItemGroup>
    <None Include="..\env.bat">
      <Filter>Common</Filter>
    </None>
    <None Include="..\run.bat">
      <Filter>Common</Filter>
    </None>
    <None Include="..\vc.bat">
      <Filter>Common</Filter>
    </None>
    <None Include="..\Common\WNT\res\OCCDemo.rc2">
      <Filter>Common\Resource Files</Filter>
    </None>
  </ItemGroup>
  <ItemGroup>
    <Text Include="..\readme.txt">
      <Filter>Common</Filter>
    </Text>
  </ItemGroup>
  <ItemGroup>
    <ResourceCompile Include="..\Common\WNT\OCCDemo.rc">
      <Filter>Common\Source Files No. 1</Filter>
    </ResourceCompile>
  </ItemGroup>
  <ItemGroup>
    <Image Include="..\Common\WNT\res\OCCDemo.ico">
      <Filter>Common\Resource Files</Filter>
    </Image>
    <Image Include="..\Common\WNT\res\toolbar.bmp">
      <Filter>Common\Resource Files</Filter>
    </Image>
    <Image Include="..\Common\WNT\res\toolbar1.bmp">
      <Filter>Common\Resource Files</Filter>
    </Image>
  </ItemGroup>
</Project>