<?xml version="1.0" encoding="utf-8"?>
<Project ToolsVersion="4.0" xmlns="http://schemas.microsoft.com/developer/msbuild/2003">
  <ItemGroup>
    <Filter Include="Source files">
      <UniqueIdentifier>{3666A728-0F4D-18FD-0FE8-34DEB5095650}</UniqueIdentifier>
    </Filter>
    <Filter Include="Header files">
      <UniqueIdentifier>{01A14890-10B6-1734-18C3-FDEC2299E6A5}</UniqueIdentifier>
    </Filter>
    <Filter Include="Source files\StdDrivers">
      <UniqueIdentifier>{F5868AD5-0142-1912-057E-40F2E20A0F91}</UniqueIdentifier>
    </Filter>
    <Filter Include="Source files\StdObject">
      <UniqueIdentifier>{8437B2A6-0F87-0878-0DD4-746D76BE60C6}</UniqueIdentifier>
    </Filter>
    <Filter Include="Source files\StdPersistent">
      <UniqueIdentifier>{C376EECB-042F-1608-035D-8381549FBD58}</UniqueIdentifier>
    </Filter>
    <Filter Include="Source files\StdStorage">
      <UniqueIdentifier>{47E678B6-0908-07B6-1399-64DB3272E943}</UniqueIdentifier>
    </Filter>
    <Filter Include="Source files\ShapePersistent">
      <UniqueIdentifier>{3065D826-1272-091A-05F9-F249D4CD1E18}</UniqueIdentifier>
    </Filter>
    <Filter Include="Header files\StdDrivers">
      <UniqueIdentifier>{72D8542D-0AFF-0BBA-0341-8805290AEA68}</UniqueIdentifier>
    </Filter>
    <Filter Include="Header files\StdObject">
      <UniqueIdentifier>{A385AB59-0B25-10AC-1595-B37DBE045DEC}</UniqueIdentifier>
    </Filter>
    <Filter Include="Header files\StdPersistent">
      <UniqueIdentifier>{B25E1903-005F-08DE-0AC2-320391882DEC}</UniqueIdentifier>
    </Filter>
    <Filter Include="Header files\StdStorage">
      <UniqueIdentifier>{7EE9F203-060F-0A15-0C95-DD92C5CECC29}</UniqueIdentifier>
    </Filter>
    <Filter Include="Header files\ShapePersistent">
      <UniqueIdentifier>{BDBA032F-0670-0340-0A26-013A93AC98CC}</UniqueIdentifier>
    </Filter>
  </ItemGroup>
  <ItemGroup>
    <ClCompile Include="..\..\..\src\StdDrivers\StdDrivers.cxx">
      <Filter>Source files\StdDrivers</Filter>
    </ClCompile>
    <ClCompile Include="..\..\..\src\StdDrivers\StdDrivers_DocumentRetrievalDriver.cxx">
      <Filter>Source files\StdDrivers</Filter>
    </ClCompile>
    <ClCompile Include="..\..\..\src\StdObject\StdObject_Location.cxx">
      <Filter>Source files\StdObject</Filter>
    </ClCompile>
    <ClCompile Include="..\..\..\src\StdObject\StdObject_Shape.cxx">
      <Filter>Source files\StdObject</Filter>
    </ClCompile>
    <ClCompile Include="..\..\..\src\StdPersistent\StdPersistent.cxx">
      <Filter>Source files\StdPersistent</Filter>
    </ClCompile>
    <ClCompile Include="..\..\..\src\StdPersistent\StdPersistent_DataXtd.cxx">
      <Filter>Source files\StdPersistent</Filter>
    </ClCompile>
    <ClCompile Include="..\..\..\src\StdPersistent\StdPersistent_DataXtd_Constraint.cxx">
      <Filter>Source files\StdPersistent</Filter>
    </ClCompile>
    <ClCompile Include="..\..\..\src\StdPersistent\StdPersistent_DataXtd_PatternStd.cxx">
      <Filter>Source files\StdPersistent</Filter>
    </ClCompile>
    <ClCompile Include="..\..\..\src\StdPersistent\StdPersistent_Naming.cxx">
      <Filter>Source files\StdPersistent</Filter>
    </ClCompile>
    <ClCompile Include="..\..\..\src\StdPersistent\StdPersistent_PPrsStd.cxx">
      <Filter>Source files\StdPersistent</Filter>
    </ClCompile>
    <ClCompile Include="..\..\..\src\StdPersistent\StdPersistent_TopLoc.cxx">
      <Filter>Source files\StdPersistent</Filter>
    </ClCompile>
    <ClCompile Include="..\..\..\src\StdStorage\StdStorage.cxx">
      <Filter>Source files\StdStorage</Filter>
    </ClCompile>
    <ClCompile Include="..\..\..\src\StdStorage\StdStorage_BacketOfPersistent.cxx">
      <Filter>Source files\StdStorage</Filter>
    </ClCompile>
    <ClCompile Include="..\..\..\src\StdStorage\StdStorage_Data.cxx">
      <Filter>Source files\StdStorage</Filter>
    </ClCompile>
    <ClCompile Include="..\..\..\src\StdStorage\StdStorage_HeaderData.cxx">
      <Filter>Source files\StdStorage</Filter>
    </ClCompile>
    <ClCompile Include="..\..\..\src\StdStorage\StdStorage_Root.cxx">
      <Filter>Source files\StdStorage</Filter>
    </ClCompile>
    <ClCompile Include="..\..\..\src\StdStorage\StdStorage_RootData.cxx">
      <Filter>Source files\StdStorage</Filter>
    </ClCompile>
    <ClCompile Include="..\..\..\src\StdStorage\StdStorage_TypeData.cxx">
      <Filter>Source files\StdStorage</Filter>
    </ClCompile>
    <ClCompile Include="..\..\..\src\ShapePersistent\ShapePersistent.cxx">
      <Filter>Source files\ShapePersistent</Filter>
    </ClCompile>
    <ClCompile Include="..\..\..\src\ShapePersistent\ShapePersistent_BRep.cxx">
      <Filter>Source files\ShapePersistent</Filter>
    </ClCompile>
    <ClCompile Include="..\..\..\src\ShapePersistent\ShapePersistent_Geom.cxx">
      <Filter>Source files\ShapePersistent</Filter>
    </ClCompile>
    <ClCompile Include="..\..\..\src\ShapePersistent\ShapePersistent_Geom2d.cxx">
      <Filter>Source files\ShapePersistent</Filter>
    </ClCompile>
    <ClCompile Include="..\..\..\src\ShapePersistent\ShapePersistent_Geom2d_Curve.cxx">
      <Filter>Source files\ShapePersistent</Filter>
    </ClCompile>
    <ClCompile Include="..\..\..\src\ShapePersistent\ShapePersistent_Geom_Curve.cxx">
      <Filter>Source files\ShapePersistent</Filter>
    </ClCompile>
    <ClCompile Include="..\..\..\src\ShapePersistent\ShapePersistent_Geom_Surface.cxx">
      <Filter>Source files\ShapePersistent</Filter>
    </ClCompile>
    <ClCompile Include="..\..\..\src\ShapePersistent\ShapePersistent_HSequence.cxx">
      <Filter>Source files\ShapePersistent</Filter>
    </ClCompile>
    <ClCompile Include="..\..\..\src\ShapePersistent\ShapePersistent_Poly.cxx">
      <Filter>Source files\ShapePersistent</Filter>
    </ClCompile>
    <ClCompile Include="..\..\..\src\ShapePersistent\ShapePersistent_TopoDS.cxx">
      <Filter>Source files\ShapePersistent</Filter>
    </ClCompile>
  </ItemGroup>
  <ItemGroup>
    <ClInclude Include="..\..\..\src\StdDrivers\StdDrivers.hxx">
      <Filter>Header files\StdDrivers</Filter>
    </ClInclude>
    <ClInclude Include="..\..\..\src\StdDrivers\StdDrivers_DocumentRetrievalDriver.hxx">
      <Filter>Header files\StdDrivers</Filter>
    </ClInclude>
    <ClInclude Include="..\..\..\src\StdObject\StdObject_Location.hxx">
      <Filter>Header files\StdObject</Filter>
    </ClInclude>
    <ClInclude Include="..\..\..\src\StdObject\StdObject_Shape.hxx">
      <Filter>Header files\StdObject</Filter>
    </ClInclude>
    <ClInclude Include="..\..\..\src\StdObject\StdObject_gp_Axes.hxx">
      <Filter>Header files\StdObject</Filter>
    </ClInclude>
    <ClInclude Include="..\..\..\src\StdObject\StdObject_gp_Curves.hxx">
      <Filter>Header files\StdObject</Filter>
    </ClInclude>
    <ClInclude Include="..\..\..\src\StdObject\StdObject_gp_Surfaces.hxx">
      <Filter>Header files\StdObject</Filter>
    </ClInclude>
    <ClInclude Include="..\..\..\src\StdObject\StdObject_gp_Trsfs.hxx">
      <Filter>Header files\StdObject</Filter>
    </ClInclude>
    <ClInclude Include="..\..\..\src\StdObject\StdObject_gp_Vectors.hxx">
      <Filter>Header files\StdObject</Filter>
    </ClInclude>
    <ClInclude Include="..\..\..\src\StdPersistent\StdPersistent.hxx">
      <Filter>Header files\StdPersistent</Filter>
    </ClInclude>
    <ClInclude Include="..\..\..\src\StdPersistent\StdPersistent_DataXtd.hxx">
      <Filter>Header files\StdPersistent</Filter>
    </ClInclude>
    <ClInclude Include="..\..\..\src\StdPersistent\StdPersistent_DataXtd_Constraint.hxx">
      <Filter>Header files\StdPersistent</Filter>
    </ClInclude>
    <ClInclude Include="..\..\..\src\StdPersistent\StdPersistent_DataXtd_PatternStd.hxx">
      <Filter>Header files\StdPersistent</Filter>
    </ClInclude>
    <ClInclude Include="..\..\..\src\StdPersistent\StdPersistent_HArray1.hxx">
      <Filter>Header files\StdPersistent</Filter>
    </ClInclude>
    <ClInclude Include="..\..\..\src\StdPersistent\StdPersistent_Naming.hxx">
      <Filter>Header files\StdPersistent</Filter>
    </ClInclude>
    <ClInclude Include="..\..\..\src\StdPersistent\StdPersistent_PPrsStd.hxx">
      <Filter>Header files\StdPersistent</Filter>
    </ClInclude>
    <ClInclude Include="..\..\..\src\StdPersistent\StdPersistent_TopLoc.hxx">
      <Filter>Header files\StdPersistent</Filter>
    </ClInclude>
    <ClInclude Include="..\..\..\src\StdPersistent\StdPersistent_TopoDS.hxx">
      <Filter>Header files\StdPersistent</Filter>
    </ClInclude>
    <ClInclude Include="..\..\..\src\StdStorage\StdStorage.hxx">
      <Filter>Header files\StdStorage</Filter>
    </ClInclude>
    <ClInclude Include="..\..\..\src\StdStorage\StdStorage_BacketOfPersistent.hxx">
      <Filter>Header files\StdStorage</Filter>
    </ClInclude>
    <ClInclude Include="..\..\..\src\StdStorage\StdStorage_Data.hxx">
      <Filter>Header files\StdStorage</Filter>
    </ClInclude>
    <ClInclude Include="..\..\..\src\StdStorage\StdStorage_HSequenceOfRoots.hxx">
      <Filter>Header files\StdStorage</Filter>
    </ClInclude>
    <ClInclude Include="..\..\..\src\StdStorage\StdStorage_HeaderData.hxx">
      <Filter>Header files\StdStorage</Filter>
    </ClInclude>
    <ClInclude Include="..\..\..\src\StdStorage\StdStorage_MapOfRoots.hxx">
      <Filter>Header files\StdStorage</Filter>
    </ClInclude>
    <ClInclude Include="..\..\..\src\StdStorage\StdStorage_MapOfTypes.hxx">
      <Filter>Header files\StdStorage</Filter>
    </ClInclude>
    <ClInclude Include="..\..\..\src\StdStorage\StdStorage_Root.hxx">
      <Filter>Header files\StdStorage</Filter>
    </ClInclude>
    <ClInclude Include="..\..\..\src\StdStorage\StdStorage_RootData.hxx">
      <Filter>Header files\StdStorage</Filter>
    </ClInclude>
    <ClInclude Include="..\..\..\src\StdStorage\StdStorage_SequenceOfRoots.hxx">
      <Filter>Header files\StdStorage</Filter>
    </ClInclude>
    <ClInclude Include="..\..\..\src\StdStorage\StdStorage_TypeData.hxx">
      <Filter>Header files\StdStorage</Filter>
    </ClInclude>
    <ClInclude Include="..\..\..\src\ShapePersistent\ShapePersistent.hxx">
      <Filter>Header files\ShapePersistent</Filter>
    </ClInclude>
    <ClInclude Include="..\..\..\src\ShapePersistent\ShapePersistent_BRep.hxx">
      <Filter>Header files\ShapePersistent</Filter>
    </ClInclude>
    <ClInclude Include="..\..\..\src\ShapePersistent\ShapePersistent_Geom.hxx">
      <Filter>Header files\ShapePersistent</Filter>
    </ClInclude>
    <ClInclude Include="..\..\..\src\ShapePersistent\ShapePersistent_Geom2d.hxx">
      <Filter>Header files\ShapePersistent</Filter>
    </ClInclude>
    <ClInclude Include="..\..\..\src\ShapePersistent\ShapePersistent_Geom2d_Curve.hxx">
      <Filter>Header files\ShapePersistent</Filter>
    </ClInclude>
    <ClInclude Include="..\..\..\src\ShapePersistent\ShapePersistent_Geom_Curve.hxx">
      <Filter>Header files\ShapePersistent</Filter>
    </ClInclude>
    <ClInclude Include="..\..\..\src\ShapePersistent\ShapePersistent_Geom_Surface.hxx">
      <Filter>Header files\ShapePersistent</Filter>
    </ClInclude>
    <ClInclude Include="..\..\..\src\ShapePersistent\ShapePersistent_HArray1.hxx">
      <Filter>Header files\ShapePersistent</Filter>
    </ClInclude>
    <ClInclude Include="..\..\..\src\ShapePersistent\ShapePersistent_HArray2.hxx">
      <Filter>Header files\ShapePersistent</Filter>
    </ClInclude>
    <ClInclude Include="..\..\..\src\ShapePersistent\ShapePersistent_HSequence.hxx">
      <Filter>Header files\ShapePersistent</Filter>
    </ClInclude>
    <ClInclude Include="..\..\..\src\ShapePersistent\ShapePersistent_Poly.hxx">
      <Filter>Header files\ShapePersistent</Filter>
    </ClInclude>
    <ClInclude Include="..\..\..\src\ShapePersistent\ShapePersistent_TopoDS.hxx">
      <Filter>Header files\ShapePersistent</Filter>
    </ClInclude>
    <ClInclude Include="..\..\..\src\ShapePersistent\ShapePersistent_TriangleMode.hxx">
      <Filter>Header files\ShapePersistent</Filter>
    </ClInclude>
  </ItemGroup>
  <ItemGroup>
    <ResourceCompile Include="TKStd.rc" />
  </ItemGroup>
</Project>
