<?xml version="1.0" encoding="utf-8"?>
<Project ToolsVersion="4.0" xmlns="http://schemas.microsoft.com/developer/msbuild/2003">
  <ItemGroup>
    <Filter Include="Source files">
      <UniqueIdentifier>{699010E7-0E9E-1766-081F-238088CB723A}</UniqueIdentifier>
    </Filter>
    <Filter Include="Header files">
      <UniqueIdentifier>{B8632C47-10F0-0340-15B9-830842933F79}</UniqueIdentifier>
    </Filter>
    <Filter Include="Source files\StdLDrivers">
      <UniqueIdentifier>{2C51F47B-0474-0D43-05CA-D9F4AD4EB97A}</UniqueIdentifier>
    </Filter>
    <Filter Include="Source files\StdLPersistent">
      <UniqueIdentifier>{732E995F-0353-0443-0082-5DA792A46E3A}</UniqueIdentifier>
    </Filter>
    <Filter Include="Source files\StdObjMgt">
      <UniqueIdentifier>{40A4BADF-042B-12E0-0A45-EBC6C64720D2}</UniqueIdentifier>
    </Filter>
    <Filter Include="Header files\StdLDrivers">
      <UniqueIdentifier>{BBFA38F2-0F92-05C4-0B9D-6EA1491EDD14}</UniqueIdentifier>
    </Filter>
    <Filter Include="Header files\StdLPersistent">
      <UniqueIdentifier>{44534A1B-10FA-011D-018A-EF4191B9B033}</UniqueIdentifier>
    </Filter>
    <Filter Include="Header files\StdObjMgt">
      <UniqueIdentifier>{DF0EB333-131B-127E-022A-6C227D4C40DC}</UniqueIdentifier>
    </Filter>
  </ItemGroup>
  <ItemGroup>
    <ClCompile Include="..\..\..\src\StdLDrivers\StdLDrivers.cxx">
      <Filter>Source files\StdLDrivers</Filter>
    </ClCompile>
    <ClCompile Include="..\..\..\src\StdLDrivers\StdLDrivers_DocumentRetrievalDriver.cxx">
      <Filter>Source files\StdLDrivers</Filter>
    </ClCompile>
    <ClCompile Include="..\..\..\src\StdLPersistent\StdLPersistent.cxx">
      <Filter>Source files\StdLPersistent</Filter>
    </ClCompile>
    <ClCompile Include="..\..\..\src\StdLPersistent\StdLPersistent_Collection.cxx">
      <Filter>Source files\StdLPersistent</Filter>
    </ClCompile>
    <ClCompile Include="..\..\..\src\StdLPersistent\StdLPersistent_Data.cxx">
      <Filter>Source files\StdLPersistent</Filter>
    </ClCompile>
    <ClCompile Include="..\..\..\src\StdLPersistent\StdLPersistent_Dependency.cxx">
      <Filter>Source files\StdLPersistent</Filter>
    </ClCompile>
    <ClCompile Include="..\..\..\src\StdLPersistent\StdLPersistent_Document.cxx">
      <Filter>Source files\StdLPersistent</Filter>
    </ClCompile>
    <ClCompile Include="..\..\..\src\StdLPersistent\StdLPersistent_HArray1.cxx">
      <Filter>Source files\StdLPersistent</Filter>
    </ClCompile>
    <ClCompile Include="..\..\..\src\StdLPersistent\StdLPersistent_HArray2.cxx">
      <Filter>Source files\StdLPersistent</Filter>
    </ClCompile>
    <ClCompile Include="..\..\..\src\StdLPersistent\StdLPersistent_HString.cxx">
      <Filter>Source files\StdLPersistent</Filter>
    </ClCompile>
    <ClCompile Include="..\..\..\src\StdLPersistent\StdLPersistent_NamedData.cxx">
      <Filter>Source files\StdLPersistent</Filter>
    </ClCompile>
    <ClCompile Include="..\..\..\src\StdLPersistent\StdLPersistent_TreeNode.cxx">
      <Filter>Source files\StdLPersistent</Filter>
    </ClCompile>
    <ClCompile Include="..\..\..\src\StdLPersistent\StdLPersistent_Value.cxx">
      <Filter>Source files\StdLPersistent</Filter>
    </ClCompile>
    <ClCompile Include="..\..\..\src\StdObjMgt\StdObjMgt_Persistent.cxx">
      <Filter>Source files\StdObjMgt</Filter>
    </ClCompile>
    <ClCompile Include="..\..\..\src\StdObjMgt\StdObjMgt_ReadData.cxx">
      <Filter>Source files\StdObjMgt</Filter>
    </ClCompile>
    <ClCompile Include="..\..\..\src\StdObjMgt\StdObjMgt_WriteData.cxx">
      <Filter>Source files\StdObjMgt</Filter>
    </ClCompile>
  </ItemGroup>
  <ItemGroup>
    <ClInclude Include="..\..\..\src\StdLDrivers\StdLDrivers.hxx">
      <Filter>Header files\StdLDrivers</Filter>
    </ClInclude>
    <ClInclude Include="..\..\..\src\StdLDrivers\StdLDrivers_DocumentRetrievalDriver.hxx">
      <Filter>Header files\StdLDrivers</Filter>
    </ClInclude>
    <ClInclude Include="..\..\..\src\StdLPersistent\StdLPersistent.hxx">
      <Filter>Header files\StdLPersistent</Filter>
    </ClInclude>
    <ClInclude Include="..\..\..\src\StdLPersistent\StdLPersistent_Collection.hxx">
      <Filter>Header files\StdLPersistent</Filter>
    </ClInclude>
    <ClInclude Include="..\..\..\src\StdLPersistent\StdLPersistent_Data.hxx">
      <Filter>Header files\StdLPersistent</Filter>
    </ClInclude>
    <ClInclude Include="..\..\..\src\StdLPersistent\StdLPersistent_Dependency.hxx">
      <Filter>Header files\StdLPersistent</Filter>
    </ClInclude>
    <ClInclude Include="..\..\..\src\StdLPersistent\StdLPersistent_Document.hxx">
      <Filter>Header files\StdLPersistent</Filter>
    </ClInclude>
    <ClInclude Include="..\..\..\src\StdLPersistent\StdLPersistent_Function.hxx">
      <Filter>Header files\StdLPersistent</Filter>
    </ClInclude>
    <ClInclude Include="..\..\..\src\StdLPersistent\StdLPersistent_HArray1.hxx">
      <Filter>Header files\StdLPersistent</Filter>
    </ClInclude>
    <ClInclude Include="..\..\..\src\StdLPersistent\StdLPersistent_HArray2.hxx">
      <Filter>Header files\StdLPersistent</Filter>
    </ClInclude>
    <ClInclude Include="..\..\..\src\StdLPersistent\StdLPersistent_HString.hxx">
      <Filter>Header files\StdLPersistent</Filter>
    </ClInclude>
    <ClInclude Include="..\..\..\src\StdLPersistent\StdLPersistent_NamedData.hxx">
      <Filter>Header files\StdLPersistent</Filter>
    </ClInclude>
    <ClInclude Include="..\..\..\src\StdLPersistent\StdLPersistent_Real.hxx">
      <Filter>Header files\StdLPersistent</Filter>
    </ClInclude>
    <ClInclude Include="..\..\..\src\StdLPersistent\StdLPersistent_TreeNode.hxx">
      <Filter>Header files\StdLPersistent</Filter>
    </ClInclude>
    <ClInclude Include="..\..\..\src\StdLPersistent\StdLPersistent_Value.hxx">
      <Filter>Header files\StdLPersistent</Filter>
    </ClInclude>
    <ClInclude Include="..\..\..\src\StdLPersistent\StdLPersistent_Variable.hxx">
      <Filter>Header files\StdLPersistent</Filter>
    </ClInclude>
    <ClInclude Include="..\..\..\src\StdLPersistent\StdLPersistent_Void.hxx">
      <Filter>Header files\StdLPersistent</Filter>
    </ClInclude>
    <ClInclude Include="..\..\..\src\StdLPersistent\StdLPersistent_XLink.hxx">
      <Filter>Header files\StdLPersistent</Filter>
    </ClInclude>
    <ClInclude Include="..\..\..\src\StdObjMgt\StdObjMgt_Attribute.hxx">
      <Filter>Header files\StdObjMgt</Filter>
    </ClInclude>
    <ClInclude Include="..\..\..\src\StdObjMgt\StdObjMgt_MapOfInstantiators.hxx">
      <Filter>Header files\StdObjMgt</Filter>
    </ClInclude>
    <ClInclude Include="..\..\..\src\StdObjMgt\StdObjMgt_Persistent.hxx">
      <Filter>Header files\StdObjMgt</Filter>
    </ClInclude>
    <ClInclude Include="..\..\..\src\StdObjMgt\StdObjMgt_ReadData.hxx">
      <Filter>Header files\StdObjMgt</Filter>
    </ClInclude>
    <ClInclude Include="..\..\..\src\StdObjMgt\StdObjMgt_SharedObject.hxx">
      <Filter>Header files\StdObjMgt</Filter>
    </ClInclude>
    <ClInclude Include="..\..\..\src\StdObjMgt\StdObjMgt_TransientPersistentMap.hxx">
      <Filter>Header files\StdObjMgt</Filter>
    </ClInclude>
    <ClInclude Include="..\..\..\src\StdObjMgt\StdObjMgt_WriteData.hxx">
      <Filter>Header files\StdObjMgt</Filter>
    </ClInclude>
  </ItemGroup>
  <ItemGroup>
    <ResourceCompile Include="TKStdL.rc" />
  </ItemGroup>
</Project>
