<?xml version="1.0" encoding="utf-8"?>
<Project ToolsVersion="4.0" xmlns="http://schemas.microsoft.com/developer/msbuild/2003">
  <ItemGroup>
    <Filter Include="Source files">
      <UniqueIdentifier>{62969428-04FD-04AB-1385-5C2AAEF64651}</UniqueIdentifier>
    </Filter>
    <Filter Include="Header files">
      <UniqueIdentifier>{829B6AEA-028E-17F2-0270-C8556D607E13}</UniqueIdentifier>
    </Filter>
    <Filter Include="Source files\BRepTest">
      <UniqueIdentifier>{F51BD89F-0C31-0D46-0FBC-A6DFC6AD5273}</UniqueIdentifier>
    </Filter>
    <Filter Include="Source files\GeometryTest">
      <UniqueIdentifier>{000CC7A4-0563-0F39-098F-7801DBC1E622}</UniqueIdentifier>
    </Filter>
    <Filter Include="Source files\HLRTest">
      <UniqueIdentifier>{EBC521FD-1037-071D-0E00-8377D5305F79}</UniqueIdentifier>
    </Filter>
    <Filter Include="Source files\MeshTest">
      <UniqueIdentifier>{CC1BB3A2-0208-16F2-13D7-5B00E29734B3}</UniqueIdentifier>
    </Filter>
    <Filter Include="Source files\GeomliteTest">
      <UniqueIdentifier>{04DDD157-089F-14F8-03F4-7DB9F13AB145}</UniqueIdentifier>
    </Filter>
    <Filter Include="Source files\DrawFairCurve">
      <UniqueIdentifier>{4C3A0E27-0750-18A0-0B1C-B3DE3BC309E7}</UniqueIdentifier>
    </Filter>
    <Filter Include="Source files\BOPTest">
      <UniqueIdentifier>{BF3429BF-1181-13CD-124E-3D8FFEB89E0E}</UniqueIdentifier>
    </Filter>
    <Filter Include="Source files\SWDRAW">
      <UniqueIdentifier>{90DF5BA3-0EB7-022C-12E3-4D72DEB05E6A}</UniqueIdentifier>
    </Filter>
    <Filter Include="Header files\BRepTest">
      <UniqueIdentifier>{0686A187-1408-0555-00F4-032E00C130AE}</UniqueIdentifier>
    </Filter>
    <Filter Include="Header files\GeometryTest">
      <UniqueIdentifier>{6306F9C5-0ABE-192C-0EE9-7AE9D88EA1B3}</UniqueIdentifier>
    </Filter>
    <Filter Include="Header files\HLRTest">
      <UniqueIdentifier>{1A168C9B-02A7-02D1-0F5A-4E1C762EC6BB}</UniqueIdentifier>
    </Filter>
    <Filter Include="Header files\MeshTest">
      <UniqueIdentifier>{F95679E9-0F19-1500-063A-D886AB714BA7}</UniqueIdentifier>
    </Filter>
    <Filter Include="Header files\GeomliteTest">
      <UniqueIdentifier>{1DC231BB-0246-0861-166E-623A80EEE19A}</UniqueIdentifier>
    </Filter>
    <Filter Include="Header files\DrawFairCurve">
      <UniqueIdentifier>{1D6C686B-0D72-0C27-0CF8-F9B6A5464495}</UniqueIdentifier>
    </Filter>
    <Filter Include="Header files\BOPTest">
      <UniqueIdentifier>{409FACFB-002A-039D-05C5-8B3D9C79F2FF}</UniqueIdentifier>
    </Filter>
    <Filter Include="Header files\SWDRAW">
      <UniqueIdentifier>{4082AE04-0594-0840-05BA-364724788D1B}</UniqueIdentifier>
    </Filter>
  </ItemGroup>
  <ItemGroup>
    <ClCompile Include="..\..\..\src\BRepTest\BRepTest.cxx">
      <Filter>Source files\BRepTest</Filter>
    </ClCompile>
    <ClCompile Include="..\..\..\src\BRepTest\BRepTest_BasicCommands.cxx">
      <Filter>Source files\BRepTest</Filter>
    </ClCompile>
    <ClCompile Include="..\..\..\src\BRepTest\BRepTest_ChamferCommands.cxx">
      <Filter>Source files\BRepTest</Filter>
    </ClCompile>
    <ClCompile Include="..\..\..\src\BRepTest\BRepTest_CheckCommands.cxx">
      <Filter>Source files\BRepTest</Filter>
    </ClCompile>
    <ClCompile Include="..\..\..\src\BRepTest\BRepTest_CurveCommands.cxx">
      <Filter>Source files\BRepTest</Filter>
    </ClCompile>
    <ClCompile Include="..\..\..\src\BRepTest\BRepTest_DraftAngleCommands.cxx">
      <Filter>Source files\BRepTest</Filter>
    </ClCompile>
    <ClCompile Include="..\..\..\src\BRepTest\BRepTest_DrawableHistory.cxx">
      <Filter>Source files\BRepTest</Filter>
    </ClCompile>
    <ClCompile Include="..\..\..\src\BRepTest\BRepTest_ExtremaCommands.cxx">
      <Filter>Source files\BRepTest</Filter>
    </ClCompile>
    <ClCompile Include="..\..\..\src\BRepTest\BRepTest_FeatureCommands.cxx">
      <Filter>Source files\BRepTest</Filter>
    </ClCompile>
    <ClCompile Include="..\..\..\src\BRepTest\BRepTest_Fillet2DCommands.cxx">
      <Filter>Source files\BRepTest</Filter>
    </ClCompile>
    <ClCompile Include="..\..\..\src\BRepTest\BRepTest_FilletCommands.cxx">
      <Filter>Source files\BRepTest</Filter>
    </ClCompile>
    <ClCompile Include="..\..\..\src\BRepTest\BRepTest_FillingCommands.cxx">
      <Filter>Source files\BRepTest</Filter>
    </ClCompile>
    <ClCompile Include="..\..\..\src\BRepTest\BRepTest_GPropCommands.cxx">
      <Filter>Source files\BRepTest</Filter>
    </ClCompile>
    <ClCompile Include="..\..\..\src\BRepTest\BRepTest_HistoryCommands.cxx">
      <Filter>Source files\BRepTest</Filter>
    </ClCompile>
    <ClCompile Include="..\..\..\src\BRepTest\BRepTest_MatCommands.cxx">
      <Filter>Source files\BRepTest</Filter>
    </ClCompile>
    <ClCompile Include="..\..\..\src\BRepTest\BRepTest_Objects.cxx">
      <Filter>Source files\BRepTest</Filter>
    </ClCompile>
    <ClCompile Include="..\..\..\src\BRepTest\BRepTest_OtherCommands.cxx">
      <Filter>Source files\BRepTest</Filter>
    </ClCompile>
    <ClCompile Include="..\..\..\src\BRepTest\BRepTest_PrimitiveCommands.cxx">
      <Filter>Source files\BRepTest</Filter>
    </ClCompile>
    <ClCompile Include="..\..\..\src\BRepTest\BRepTest_ProjectionCommands.cxx">
      <Filter>Source files\BRepTest</Filter>
    </ClCompile>
    <ClCompile Include="..\..\..\src\BRepTest\BRepTest_SurfaceCommands.cxx">
      <Filter>Source files\BRepTest</Filter>
    </ClCompile>
    <ClCompile Include="..\..\..\src\BRepTest\BRepTest_SweepCommands.cxx">
      <Filter>Source files\BRepTest</Filter>
    </ClCompile>
    <ClCompile Include="..\..\..\src\BRepTest\BRepTest_TopologyCommands.cxx">
      <Filter>Source files\BRepTest</Filter>
    </ClCompile>
    <ClCompile Include="..\..\..\src\GeometryTest\GeometryTest.cxx">
      <Filter>Source files\GeometryTest</Filter>
    </ClCompile>
    <ClCompile Include="..\..\..\src\GeometryTest\GeometryTest_APICommands.cxx">
      <Filter>Source files\GeometryTest</Filter>
    </ClCompile>
    <ClCompile Include="..\..\..\src\GeometryTest\GeometryTest_ConstraintCommands.cxx">
      <Filter>Source files\GeometryTest</Filter>
    </ClCompile>
    <ClCompile Include="..\..\..\src\GeometryTest\GeometryTest_ContinuityCommands.cxx">
      <Filter>Source files\GeometryTest</Filter>
    </ClCompile>
    <ClCompile Include="..\..\..\src\GeometryTest\GeometryTest_CurveCommands.cxx">
      <Filter>Source files\GeometryTest</Filter>
    </ClCompile>
    <ClCompile Include="..\..\..\src\GeometryTest\GeometryTest_CurveTanCommands.cxx">
      <Filter>Source files\GeometryTest</Filter>
    </ClCompile>
    <ClCompile Include="..\..\..\src\GeometryTest\GeometryTest_DrawableQualifiedCurve2d.cxx">
      <Filter>Source files\GeometryTest</Filter>
    </ClCompile>
    <ClCompile Include="..\..\..\src\GeometryTest\GeometryTest_FairCurveCommands.cxx">
      <Filter>Source files\GeometryTest</Filter>
    </ClCompile>
    <ClCompile Include="..\..\..\src\GeometryTest\GeometryTest_PolyCommands.cxx">
      <Filter>Source files\GeometryTest</Filter>
    </ClCompile>
    <ClCompile Include="..\..\..\src\GeometryTest\GeometryTest_SurfaceCommands.cxx">
      <Filter>Source files\GeometryTest</Filter>
    </ClCompile>
    <ClCompile Include="..\..\..\src\GeometryTest\GeometryTest_TestProjCommands.cxx">
      <Filter>Source files\GeometryTest</Filter>
    </ClCompile>
    <ClCompile Include="..\..\..\src\HLRTest\HLRTest.cxx">
      <Filter>Source files\HLRTest</Filter>
    </ClCompile>
    <ClCompile Include="..\..\..\src\HLRTest\HLRTest_DrawableEdgeTool.cxx">
      <Filter>Source files\HLRTest</Filter>
    </ClCompile>
    <ClCompile Include="..\..\..\src\HLRTest\HLRTest_DrawablePolyEdgeTool.cxx">
      <Filter>Source files\HLRTest</Filter>
    </ClCompile>
    <ClCompile Include="..\..\..\src\HLRTest\HLRTest_OutLiner.cxx">
      <Filter>Source files\HLRTest</Filter>
    </ClCompile>
    <ClCompile Include="..\..\..\src\HLRTest\HLRTest_Projector.cxx">
      <Filter>Source files\HLRTest</Filter>
    </ClCompile>
    <ClCompile Include="..\..\..\src\HLRTest\HLRTest_ShapeData.cxx">
      <Filter>Source files\HLRTest</Filter>
    </ClCompile>
    <ClCompile Include="..\..\..\src\MeshTest\MeshTest.cxx">
      <Filter>Source files\MeshTest</Filter>
    </ClCompile>
    <ClCompile Include="..\..\..\src\MeshTest\MeshTest_CheckTopology.cxx">
      <Filter>Source files\MeshTest</Filter>
    </ClCompile>
    <ClCompile Include="..\..\..\src\MeshTest\MeshTest_Debug.cxx">
      <Filter>Source files\MeshTest</Filter>
    </ClCompile>
    <ClCompile Include="..\..\..\src\MeshTest\MeshTest_PluginCommands.cxx">
      <Filter>Source files\MeshTest</Filter>
    </ClCompile>
    <ClCompile Include="..\..\..\src\GeomliteTest\GeomliteTest.cxx">
      <Filter>Source files\GeomliteTest</Filter>
    </ClCompile>
    <ClCompile Include="..\..\..\src\GeomliteTest\GeomliteTest_API2dCommands.cxx">
      <Filter>Source files\GeomliteTest</Filter>
    </ClCompile>
    <ClCompile Include="..\..\..\src\GeomliteTest\GeomliteTest_ApproxCommands.cxx">
      <Filter>Source files\GeomliteTest</Filter>
    </ClCompile>
    <ClCompile Include="..\..\..\src\GeomliteTest\GeomliteTest_CurveCommands.cxx">
      <Filter>Source files\GeomliteTest</Filter>
    </ClCompile>
    <ClCompile Include="..\..\..\src\GeomliteTest\GeomliteTest_ModificationCommands.cxx">
      <Filter>Source files\GeomliteTest</Filter>
    </ClCompile>
    <ClCompile Include="..\..\..\src\GeomliteTest\GeomliteTest_SurfaceCommands.cxx">
      <Filter>Source files\GeomliteTest</Filter>
    </ClCompile>
    <ClCompile Include="..\..\..\src\DrawFairCurve\DrawFairCurve_Batten.cxx">
      <Filter>Source files\DrawFairCurve</Filter>
    </ClCompile>
    <ClCompile Include="..\..\..\src\DrawFairCurve\DrawFairCurve_MinimalVariation.cxx">
      <Filter>Source files\DrawFairCurve</Filter>
    </ClCompile>
    <ClCompile Include="..\..\..\src\BOPTest\BOPTest.cxx">
      <Filter>Source files\BOPTest</Filter>
    </ClCompile>
    <ClCompile Include="..\..\..\src\BOPTest\BOPTest_APICommands.cxx">
      <Filter>Source files\BOPTest</Filter>
    </ClCompile>
    <ClCompile Include="..\..\..\src\BOPTest\BOPTest_BOPCommands.cxx">
      <Filter>Source files\BOPTest</Filter>
    </ClCompile>
    <ClCompile Include="..\..\..\src\BOPTest\BOPTest_CellsCommands.cxx">
      <Filter>Source files\BOPTest</Filter>
    </ClCompile>
    <ClCompile Include="..\..\..\src\BOPTest\BOPTest_CheckCommands.cxx">
      <Filter>Source files\BOPTest</Filter>
    </ClCompile>
    <ClCompile Include="..\..\..\src\BOPTest\BOPTest_DebugCommands.cxx">
      <Filter>Source files\BOPTest</Filter>
    </ClCompile>
    <ClCompile Include="..\..\..\src\BOPTest\BOPTest_DrawableShape.cxx">
      <Filter>Source files\BOPTest</Filter>
    </ClCompile>
    <ClCompile Include="..\..\..\src\BOPTest\BOPTest_LowCommands.cxx">
      <Filter>Source files\BOPTest</Filter>
    </ClCompile>
    <ClCompile Include="..\..\..\src\BOPTest\BOPTest_MkConnectedCommands.cxx">
      <Filter>Source files\BOPTest</Filter>
    </ClCompile>
    <ClCompile Include="..\..\..\src\BOPTest\BOPTest_ObjCommands.cxx">
      <Filter>Source files\BOPTest</Filter>
    </ClCompile>
    <ClCompile Include="..\..\..\src\BOPTest\BOPTest_Objects.cxx">
      <Filter>Source files\BOPTest</Filter>
    </ClCompile>
    <ClCompile Include="..\..\..\src\BOPTest\BOPTest_OptionCommands.cxx">
      <Filter>Source files\BOPTest</Filter>
    </ClCompile>
    <ClCompile Include="..\..\..\src\BOPTest\BOPTest_PartitionCommands.cxx">
      <Filter>Source files\BOPTest</Filter>
    </ClCompile>
    <ClCompile Include="..\..\..\src\BOPTest\BOPTest_PeriodicityCommands.cxx">
      <Filter>Source files\BOPTest</Filter>
    </ClCompile>
    <ClCompile Include="..\..\..\src\BOPTest\BOPTest_RemoveFeaturesCommands.cxx">
      <Filter>Source files\BOPTest</Filter>
    </ClCompile>
    <ClCompile Include="..\..\..\src\BOPTest\BOPTest_TolerCommands.cxx">
      <Filter>Source files\BOPTest</Filter>
    </ClCompile>
    <ClCompile Include="..\..\..\src\BOPTest\BOPTest_UtilityCommands.cxx">
      <Filter>Source files\BOPTest</Filter>
    </ClCompile>
    <ClCompile Include="..\..\..\src\SWDRAW\SWDRAW.cxx">
      <Filter>Source files\SWDRAW</Filter>
    </ClCompile>
    <ClCompile Include="..\..\..\src\SWDRAW\SWDRAW_ShapeAnalysis.cxx">
      <Filter>Source files\SWDRAW</Filter>
    </ClCompile>
    <ClCompile Include="..\..\..\src\SWDRAW\SWDRAW_ShapeCustom.cxx">
      <Filter>Source files\SWDRAW</Filter>
    </ClCompile>
    <ClCompile Include="..\..\..\src\SWDRAW\SWDRAW_ShapeExtend.cxx">
      <Filter>Source files\SWDRAW</Filter>
    </ClCompile>
    <ClCompile Include="..\..\..\src\SWDRAW\SWDRAW_ShapeFix.cxx">
      <Filter>Source files\SWDRAW</Filter>
    </ClCompile>
    <ClCompile Include="..\..\..\src\SWDRAW\SWDRAW_ShapeProcess.cxx">
      <Filter>Source files\SWDRAW</Filter>
    </ClCompile>
    <ClCompile Include="..\..\..\src\SWDRAW\SWDRAW_ShapeProcessAPI.cxx">
      <Filter>Source files\SWDRAW</Filter>
    </ClCompile>
    <ClCompile Include="..\..\..\src\SWDRAW\SWDRAW_ShapeTool.cxx">
      <Filter>Source files\SWDRAW</Filter>
    </ClCompile>
    <ClCompile Include="..\..\..\src\SWDRAW\SWDRAW_ShapeUpgrade.cxx">
      <Filter>Source files\SWDRAW</Filter>
    </ClCompile>
  </ItemGroup>
  <ItemGroup>
    <ClInclude Include="..\..\..\src\BRepTest\BRepTest.hxx">
      <Filter>Header files\BRepTest</Filter>
    </ClInclude>
    <ClInclude Include="..\..\..\src\BRepTest\BRepTest_DrawableHistory.hxx">
      <Filter>Header files\BRepTest</Filter>
    </ClInclude>
    <ClInclude Include="..\..\..\src\BRepTest\BRepTest_Objects.hxx">
      <Filter>Header files\BRepTest</Filter>
    </ClInclude>
    <ClInclude Include="..\..\..\src\GeometryTest\GeometryTest.hxx">
      <Filter>Header files\GeometryTest</Filter>
    </ClInclude>
    <ClInclude Include="..\..\..\src\GeometryTest\GeometryTest_DrawableQualifiedCurve2d.hxx">
      <Filter>Header files\GeometryTest</Filter>
    </ClInclude>
    <ClInclude Include="..\..\..\src\HLRTest\HLRTest.hxx">
      <Filter>Header files\HLRTest</Filter>
    </ClInclude>
    <ClInclude Include="..\..\..\src\HLRTest\HLRTest_DrawableEdgeTool.hxx">
      <Filter>Header files\HLRTest</Filter>
    </ClInclude>
    <ClInclude Include="..\..\..\src\HLRTest\HLRTest_DrawablePolyEdgeTool.hxx">
      <Filter>Header files\HLRTest</Filter>
    </ClInclude>
    <ClInclude Include="..\..\..\src\HLRTest\HLRTest_DrawablePolyEdgeTool.lxx">
      <Filter>Header files\HLRTest</Filter>
    </ClInclude>
    <ClInclude Include="..\..\..\src\HLRTest\HLRTest_OutLiner.hxx">
      <Filter>Header files\HLRTest</Filter>
    </ClInclude>
    <ClInclude Include="..\..\..\src\HLRTest\HLRTest_OutLiner.lxx">
      <Filter>Header files\HLRTest</Filter>
    </ClInclude>
    <ClInclude Include="..\..\..\src\HLRTest\HLRTest_Projector.hxx">
      <Filter>Header files\HLRTest</Filter>
    </ClInclude>
    <ClInclude Include="..\..\..\src\HLRTest\HLRTest_Projector.lxx">
      <Filter>Header files\HLRTest</Filter>
    </ClInclude>
    <ClInclude Include="..\..\..\src\HLRTest\HLRTest_ShapeData.hxx">
      <Filter>Header files\HLRTest</Filter>
    </ClInclude>
    <ClInclude Include="..\..\..\src\HLRTest\HLRTest_ShapeData.lxx">
      <Filter>Header files\HLRTest</Filter>
    </ClInclude>
    <ClInclude Include="..\..\..\src\MeshTest\MeshTest.hxx">
      <Filter>Header files\MeshTest</Filter>
    </ClInclude>
    <ClInclude Include="..\..\..\src\MeshTest\MeshTest_CheckTopology.hxx">
      <Filter>Header files\MeshTest</Filter>
    </ClInclude>
    <ClInclude Include="..\..\..\src\GeomliteTest\GeomliteTest.hxx">
      <Filter>Header files\GeomliteTest</Filter>
    </ClInclude>
    <ClInclude Include="..\..\..\src\DrawFairCurve\DrawFairCurve_Batten.hxx">
      <Filter>Header files\DrawFairCurve</Filter>
    </ClInclude>
    <ClInclude Include="..\..\..\src\DrawFairCurve\DrawFairCurve_MinimalVariation.hxx">
      <Filter>Header files\DrawFairCurve</Filter>
    </ClInclude>
    <ClInclude Include="..\..\..\src\BOPTest\BOPTest.hxx">
      <Filter>Header files\BOPTest</Filter>
    </ClInclude>
    <ClInclude Include="..\..\..\src\BOPTest\BOPTest_DrawableShape.hxx">
      <Filter>Header files\BOPTest</Filter>
    </ClInclude>
    <ClInclude Include="..\..\..\src\BOPTest\BOPTest_Objects.hxx">
      <Filter>Header files\BOPTest</Filter>
    </ClInclude>
    <ClInclude Include="..\..\..\src\SWDRAW\SWDRAW.hxx">
      <Filter>Header files\SWDRAW</Filter>
    </ClInclude>
    <ClInclude Include="..\..\..\src\SWDRAW\SWDRAW_ShapeAnalysis.hxx">
      <Filter>Header files\SWDRAW</Filter>
    </ClInclude>
    <ClInclude Include="..\..\..\src\SWDRAW\SWDRAW_ShapeCustom.hxx">
      <Filter>Header files\SWDRAW</Filter>
    </ClInclude>
    <ClInclude Include="..\..\..\src\SWDRAW\SWDRAW_ShapeExtend.hxx">
      <Filter>Header files\SWDRAW</Filter>
    </ClInclude>
    <ClInclude Include="..\..\..\src\SWDRAW\SWDRAW_ShapeFix.hxx">
      <Filter>Header files\SWDRAW</Filter>
    </ClInclude>
    <ClInclude Include="..\..\..\src\SWDRAW\SWDRAW_ShapeProcess.hxx">
      <Filter>Header files\SWDRAW</Filter>
    </ClInclude>
    <ClInclude Include="..\..\..\src\SWDRAW\SWDRAW_ShapeProcessAPI.hxx">
      <Filter>Header files\SWDRAW</Filter>
    </ClInclude>
    <ClInclude Include="..\..\..\src\SWDRAW\SWDRAW_ShapeTool.hxx">
      <Filter>Header files\SWDRAW</Filter>
    </ClInclude>
    <ClInclude Include="..\..\..\src\SWDRAW\SWDRAW_ShapeUpgrade.hxx">
      <Filter>Header files\SWDRAW</Filter>
    </ClInclude>
  </ItemGroup>
  <ItemGroup>
    <ResourceCompile Include="TKTopTest.rc" />
  </ItemGroup>
</Project>
