<?xml version="1.0" encoding="utf-8"?>
<Project ToolsVersion="4.0" xmlns="http://schemas.microsoft.com/developer/msbuild/2003">
  <ItemGroup>
    <Filter Include="Source files">
      <UniqueIdentifier>{4CACF22E-01C7-004B-049F-A2A85BDAF1C4}</UniqueIdentifier>
    </Filter>
    <Filter Include="Header files">
      <UniqueIdentifier>{368BB600-1888-16FD-00B1-B7706E3665EC}</UniqueIdentifier>
    </Filter>
    <Filter Include="Source files\IGESCAFControl">
      <UniqueIdentifier>{5DA92CF0-1714-1949-0946-3D333CEEE3C2}</UniqueIdentifier>
    </Filter>
    <Filter Include="Header files\IGESCAFControl">
      <UniqueIdentifier>{AB05BBD0-0486-02F2-07A7-B26D221B0E85}</UniqueIdentifier>
    </Filter>
  </ItemGroup>
  <ItemGroup>
    <ClCompile Include="..\..\..\src\IGESCAFControl\IGESCAFControl.cxx">
      <Filter>Source files\IGESCAFControl</Filter>
    </ClCompile>
    <ClCompile Include="..\..\..\src\IGESCAFControl\IGESCAFControl_Reader.cxx">
      <Filter>Source files\IGESCAFControl</Filter>
    </ClCompile>
    <ClCompile Include="..\..\..\src\IGESCAFControl\IGESCAFControl_Writer.cxx">
      <Filter>Source files\IGESCAFControl</Filter>
    </ClCompile>
  </ItemGroup>
  <ItemGroup>
    <ClInclude Include="..\..\..\src\IGESCAFControl\IGESCAFControl.hxx">
      <Filter>Header files\IGESCAFControl</Filter>
    </ClInclude>
    <ClInclude Include="..\..\..\src\IGESCAFControl\IGESCAFControl_Reader.hxx">
      <Filter>Header files\IGESCAFControl</Filter>
    </ClInclude>
    <ClInclude Include="..\..\..\src\IGESCAFControl\IGESCAFControl_Writer.hxx">
      <Filter>Header files\IGESCAFControl</Filter>
    </ClInclude>
  </ItemGroup>
  <ItemGroup>
    <ResourceCompile Include="TKXDEIGES.rc" />
  </ItemGroup>
</Project>
