<?xml version="1.0" encoding="utf-8"?>
<Project ToolsVersion="4.0" xmlns="http://schemas.microsoft.com/developer/msbuild/2003">
  <ItemGroup>
    <Filter Include="Source files">
      <UniqueIdentifier>{E4CDC468-0E26-136B-02A7-E8EB65B66FD9}</UniqueIdentifier>
    </Filter>
    <Filter Include="Header files">
      <UniqueIdentifier>{6944C0F2-071B-0446-09E2-91A1D116CB33}</UniqueIdentifier>
    </Filter>
    <Filter Include="Source files\StdLDrivers">
      <UniqueIdentifier>{76C1F11B-0EB6-03ED-139E-A5EAE0DF4828}</UniqueIdentifier>
    </Filter>
    <Filter Include="Source files\StdLPersistent">
      <UniqueIdentifier>{FA56C045-0E3A-1787-09ED-0E44FFD3F634}</UniqueIdentifier>
    </Filter>
    <Filter Include="Source files\StdObjMgt">
      <UniqueIdentifier>{C8FDFED9-0370-072C-0B56-23CDF4A669F0}</UniqueIdentifier>
    </Filter>
    <Filter Include="Header files\StdLDrivers">
      <UniqueIdentifier>{75413D00-1657-1857-17AD-C32558C8DAC0}</UniqueIdentifier>
    </Filter>
    <Filter Include="Header files\StdLPersistent">
      <UniqueIdentifier>{919D32BE-0705-0BED-11A2-9AB70E68095E}</UniqueIdentifier>
    </Filter>
    <Filter Include="Header files\StdObjMgt">
      <UniqueIdentifier>{3F153338-0703-001E-0B3A-EEEDF047324C}</UniqueIdentifier>
    </Filter>
  </ItemGroup>
  <ItemGroup>
    <ClCompile Include="..\..\..\src\StdLDrivers\StdLDrivers.cxx">
      <Filter>Source files\StdLDrivers</Filter>
    </ClCompile>
    <ClCompile Include="..\..\..\src\StdLDrivers\StdLDrivers_DocumentRetrievalDriver.cxx">
      <Filter>Source files\StdLDrivers</Filter>
    </ClCompile>
    <ClCompile Include="..\..\..\src\StdLPersistent\StdLPersistent.cxx">
      <Filter>Source files\StdLPersistent</Filter>
    </ClCompile>
    <ClCompile Include="..\..\..\src\StdLPersistent\StdLPersistent_Collection.cxx">
      <Filter>Source files\StdLPersistent</Filter>
    </ClCompile>
    <ClCompile Include="..\..\..\src\StdLPersistent\StdLPersistent_Data.cxx">
      <Filter>Source files\StdLPersistent</Filter>
    </ClCompile>
    <ClCompile Include="..\..\..\src\StdLPersistent\StdLPersistent_Dependency.cxx">
      <Filter>Source files\StdLPersistent</Filter>
    </ClCompile>
    <ClCompile Include="..\..\..\src\StdLPersistent\StdLPersistent_Document.cxx">
      <Filter>Source files\StdLPersistent</Filter>
    </ClCompile>
    <ClCompile Include="..\..\..\src\StdLPersistent\StdLPersistent_HArray1.cxx">
      <Filter>Source files\StdLPersistent</Filter>
    </ClCompile>
    <ClCompile Include="..\..\..\src\StdLPersistent\StdLPersistent_HArray2.cxx">
      <Filter>Source files\StdLPersistent</Filter>
    </ClCompile>
    <ClCompile Include="..\..\..\src\StdLPersistent\StdLPersistent_HString.cxx">
      <Filter>Source files\StdLPersistent</Filter>
    </ClCompile>
    <ClCompile Include="..\..\..\src\StdLPersistent\StdLPersistent_NamedData.cxx">
      <Filter>Source files\StdLPersistent</Filter>
    </ClCompile>
    <ClCompile Include="..\..\..\src\StdLPersistent\StdLPersistent_TreeNode.cxx">
      <Filter>Source files\StdLPersistent</Filter>
    </ClCompile>
    <ClCompile Include="..\..\..\src\StdLPersistent\StdLPersistent_Value.cxx">
      <Filter>Source files\StdLPersistent</Filter>
    </ClCompile>
    <ClCompile Include="..\..\..\src\StdObjMgt\StdObjMgt_Persistent.cxx">
      <Filter>Source files\StdObjMgt</Filter>
    </ClCompile>
    <ClCompile Include="..\..\..\src\StdObjMgt\StdObjMgt_ReadData.cxx">
      <Filter>Source files\StdObjMgt</Filter>
    </ClCompile>
    <ClCompile Include="..\..\..\src\StdObjMgt\StdObjMgt_WriteData.cxx">
      <Filter>Source files\StdObjMgt</Filter>
    </ClCompile>
  </ItemGroup>
  <ItemGroup>
    <ClInclude Include="..\..\..\src\StdLDrivers\StdLDrivers.hxx">
      <Filter>Header files\StdLDrivers</Filter>
    </ClInclude>
    <ClInclude Include="..\..\..\src\StdLDrivers\StdLDrivers_DocumentRetrievalDriver.hxx">
      <Filter>Header files\StdLDrivers</Filter>
    </ClInclude>
    <ClInclude Include="..\..\..\src\StdLPersistent\StdLPersistent.hxx">
      <Filter>Header files\StdLPersistent</Filter>
    </ClInclude>
    <ClInclude Include="..\..\..\src\StdLPersistent\StdLPersistent_Collection.hxx">
      <Filter>Header files\StdLPersistent</Filter>
    </ClInclude>
    <ClInclude Include="..\..\..\src\StdLPersistent\StdLPersistent_Data.hxx">
      <Filter>Header files\StdLPersistent</Filter>
    </ClInclude>
    <ClInclude Include="..\..\..\src\StdLPersistent\StdLPersistent_Dependency.hxx">
      <Filter>Header files\StdLPersistent</Filter>
    </ClInclude>
    <ClInclude Include="..\..\..\src\StdLPersistent\StdLPersistent_Document.hxx">
      <Filter>Header files\StdLPersistent</Filter>
    </ClInclude>
    <ClInclude Include="..\..\..\src\StdLPersistent\StdLPersistent_Function.hxx">
      <Filter>Header files\StdLPersistent</Filter>
    </ClInclude>
    <ClInclude Include="..\..\..\src\StdLPersistent\StdLPersistent_HArray1.hxx">
      <Filter>Header files\StdLPersistent</Filter>
    </ClInclude>
    <ClInclude Include="..\..\..\src\StdLPersistent\StdLPersistent_HArray2.hxx">
      <Filter>Header files\StdLPersistent</Filter>
    </ClInclude>
    <ClInclude Include="..\..\..\src\StdLPersistent\StdLPersistent_HString.hxx">
      <Filter>Header files\StdLPersistent</Filter>
    </ClInclude>
    <ClInclude Include="..\..\..\src\StdLPersistent\StdLPersistent_NamedData.hxx">
      <Filter>Header files\StdLPersistent</Filter>
    </ClInclude>
    <ClInclude Include="..\..\..\src\StdLPersistent\StdLPersistent_Real.hxx">
      <Filter>Header files\StdLPersistent</Filter>
    </ClInclude>
    <ClInclude Include="..\..\..\src\StdLPersistent\StdLPersistent_TreeNode.hxx">
      <Filter>Header files\StdLPersistent</Filter>
    </ClInclude>
    <ClInclude Include="..\..\..\src\StdLPersistent\StdLPersistent_Value.hxx">
      <Filter>Header files\StdLPersistent</Filter>
    </ClInclude>
    <ClInclude Include="..\..\..\src\StdLPersistent\StdLPersistent_Variable.hxx">
      <Filter>Header files\StdLPersistent</Filter>
    </ClInclude>
    <ClInclude Include="..\..\..\src\StdLPersistent\StdLPersistent_Void.hxx">
      <Filter>Header files\StdLPersistent</Filter>
    </ClInclude>
    <ClInclude Include="..\..\..\src\StdLPersistent\StdLPersistent_XLink.hxx">
      <Filter>Header files\StdLPersistent</Filter>
    </ClInclude>
    <ClInclude Include="..\..\..\src\StdObjMgt\StdObjMgt_Attribute.hxx">
      <Filter>Header files\StdObjMgt</Filter>
    </ClInclude>
    <ClInclude Include="..\..\..\src\StdObjMgt\StdObjMgt_MapOfInstantiators.hxx">
      <Filter>Header files\StdObjMgt</Filter>
    </ClInclude>
    <ClInclude Include="..\..\..\src\StdObjMgt\StdObjMgt_Persistent.hxx">
      <Filter>Header files\StdObjMgt</Filter>
    </ClInclude>
    <ClInclude Include="..\..\..\src\StdObjMgt\StdObjMgt_ReadData.hxx">
      <Filter>Header files\StdObjMgt</Filter>
    </ClInclude>
    <ClInclude Include="..\..\..\src\StdObjMgt\StdObjMgt_SharedObject.hxx">
      <Filter>Header files\StdObjMgt</Filter>
    </ClInclude>
    <ClInclude Include="..\..\..\src\StdObjMgt\StdObjMgt_TransientPersistentMap.hxx">
      <Filter>Header files\StdObjMgt</Filter>
    </ClInclude>
    <ClInclude Include="..\..\..\src\StdObjMgt\StdObjMgt_WriteData.hxx">
      <Filter>Header files\StdObjMgt</Filter>
    </ClInclude>
  </ItemGroup>
  <ItemGroup>
    <ResourceCompile Include="TKStdL.rc" />
  </ItemGroup>
</Project>
