<?xml version="1.0" encoding="utf-8"?>
<Project ToolsVersion="4.0" xmlns="http://schemas.microsoft.com/developer/msbuild/2003">
  <ItemGroup>
    <Filter Include="Source files">
      <UniqueIdentifier>{95F2B4F7-06DE-0C8B-07B4-88BF3AC2791C}</UniqueIdentifier>
    </Filter>
    <Filter Include="Header files">
      <UniqueIdentifier>{9D265FE4-10A2-0D67-03DC-9BF3D6A59AB7}</UniqueIdentifier>
    </Filter>
    <Filter Include="Source files\DRAWEXE">
      <UniqueIdentifier>{5096767C-1794-0F2B-12FA-CC297AB70D19}</UniqueIdentifier>
    </Filter>
  </ItemGroup>
  <ItemGroup>
    <ClCompile Include="..\..\..\src\DRAWEXE\DRAWEXE.cxx">
      <Filter>Source files\DRAWEXE</Filter>
    </ClCompile>
  </ItemGroup>
  <ItemGroup>
  </ItemGroup>
  <ItemGroup>
    <ResourceCompile Include="DRAWEXE.rc" />
  </ItemGroup>
</Project>
