<?xml version="1.0" encoding="utf-8"?>
<Project ToolsVersion="4.0" xmlns="http://schemas.microsoft.com/developer/msbuild/2003">
  <ItemGroup>
    <Filter Include="Source files">
      <UniqueIdentifier>{3EF49AC2-055D-06F0-071F-1B83AA6136FC}</UniqueIdentifier>
    </Filter>
    <Filter Include="Header files">
      <UniqueIdentifier>{60FA62CD-0FE4-07E3-0395-56281461709D}</UniqueIdentifier>
    </Filter>
    <Filter Include="Source files\D3DHost">
      <UniqueIdentifier>{2859C4A1-1585-182F-100E-69A70454355E}</UniqueIdentifier>
    </Filter>
    <Filter Include="Header files\D3DHost">
      <UniqueIdentifier>{7BDFBA79-0590-187D-05BA-8751B5054C9A}</UniqueIdentifier>
    </Filter>
  </ItemGroup>
  <ItemGroup>
    <ClCompile Include="..\..\..\src\D3DHost\D3DHost_FrameBuffer.cxx">
      <Filter>Source files\D3DHost</Filter>
    </ClCompile>
    <ClCompile Include="..\..\..\src\D3DHost\D3DHost_GraphicDriver.cxx">
      <Filter>Source files\D3DHost</Filter>
    </ClCompile>
    <ClCompile Include="..\..\..\src\D3DHost\D3DHost_View.cxx">
      <Filter>Source files\D3DHost</Filter>
    </ClCompile>
  </ItemGroup>
  <ItemGroup>
    <ClInclude Include="..\..\..\src\D3DHost\D3DHost_FrameBuffer.hxx">
      <Filter>Header files\D3DHost</Filter>
    </ClInclude>
    <ClInclude Include="..\..\..\src\D3DHost\D3DHost_GraphicDriver.hxx">
      <Filter>Header files\D3DHost</Filter>
    </ClInclude>
    <ClInclude Include="..\..\..\src\D3DHost\D3DHost_View.hxx">
      <Filter>Header files\D3DHost</Filter>
    </ClInclude>
  </ItemGroup>
  <ItemGroup>
    <ResourceCompile Include="TKD3DHost.rc" />
  </ItemGroup>
</Project>
