<?xml version="1.0" encoding="utf-8"?>
<Project ToolsVersion="4.0" xmlns="http://schemas.microsoft.com/developer/msbuild/2003">
  <ItemGroup>
    <Filter Include="Source files">
      <UniqueIdentifier>{CAB66B48-178E-10D0-0CC8-4A8CDB65BB0C}</UniqueIdentifier>
    </Filter>
    <Filter Include="Header files">
      <UniqueIdentifier>{DB315858-09DC-0080-0B4A-EBFF6BCDFF9D}</UniqueIdentifier>
    </Filter>
    <Filter Include="Source files\DDF">
      <UniqueIdentifier>{48CC87F6-0BE4-1493-092A-D37A8F137D2E}</UniqueIdentifier>
    </Filter>
    <Filter Include="Source files\DDocStd">
      <UniqueIdentifier>{7F6461E9-0563-0E00-01FC-9CA0CD012E8A}</UniqueIdentifier>
    </Filter>
    <Filter Include="Source files\DNaming">
      <UniqueIdentifier>{9692A617-10D8-15B6-103A-D6CAC299A5C2}</UniqueIdentifier>
    </Filter>
    <Filter Include="Source files\DDataStd">
      <UniqueIdentifier>{5181192F-14B7-0E4C-088F-596579152BBD}</UniqueIdentifier>
    </Filter>
    <Filter Include="Source files\DPrsStd">
      <UniqueIdentifier>{EA953C4E-1797-0A6E-1336-056958471508}</UniqueIdentifier>
    </Filter>
    <Filter Include="Source files\DrawDim">
      <UniqueIdentifier>{B5E23691-04A6-11EE-18D2-245777EA6479}</UniqueIdentifier>
    </Filter>
    <Filter Include="Header files\DDF">
      <UniqueIdentifier>{6A8069D1-13FE-145C-153A-551F0A68FF8C}</UniqueIdentifier>
    </Filter>
    <Filter Include="Header files\DDocStd">
      <UniqueIdentifier>{616B1C2B-1474-0B5F-05E3-304CC3FFD149}</UniqueIdentifier>
    </Filter>
    <Filter Include="Header files\DNaming">
      <UniqueIdentifier>{0544F69F-05BD-025F-16D0-8F3290409574}</UniqueIdentifier>
    </Filter>
    <Filter Include="Header files\DDataStd">
      <UniqueIdentifier>{142FD665-04CE-07F7-096B-8E0E2C44A67C}</UniqueIdentifier>
    </Filter>
    <Filter Include="Header files\DPrsStd">
      <UniqueIdentifier>{0E245D27-0DB9-1415-0F58-101568ED9C6C}</UniqueIdentifier>
    </Filter>
    <Filter Include="Header files\DrawDim">
      <UniqueIdentifier>{B8ABC241-0622-08B7-0D49-1FB75E3F89B8}</UniqueIdentifier>
    </Filter>
  </ItemGroup>
  <ItemGroup>
    <ClCompile Include="..\..\..\src\DDF\DDF.cxx">
      <Filter>Source files\DDF</Filter>
    </ClCompile>
    <ClCompile Include="..\..\..\src\DDF\DDF_AttributeBrowser.cxx">
      <Filter>Source files\DDF</Filter>
    </ClCompile>
    <ClCompile Include="..\..\..\src\DDF\DDF_BasicCommands.cxx">
      <Filter>Source files\DDF</Filter>
    </ClCompile>
    <ClCompile Include="..\..\..\src\DDF\DDF_Browser.cxx">
      <Filter>Source files\DDF</Filter>
    </ClCompile>
    <ClCompile Include="..\..\..\src\DDF\DDF_BrowserCommands.cxx">
      <Filter>Source files\DDF</Filter>
    </ClCompile>
    <ClCompile Include="..\..\..\src\DDF\DDF_Data.cxx">
      <Filter>Source files\DDF</Filter>
    </ClCompile>
    <ClCompile Include="..\..\..\src\DDF\DDF_DataCommands.cxx">
      <Filter>Source files\DDF</Filter>
    </ClCompile>
    <ClCompile Include="..\..\..\src\DDF\DDF_IOStream.cxx">
      <Filter>Source files\DDF</Filter>
    </ClCompile>
    <ClCompile Include="..\..\..\src\DDF\DDF_Transaction.cxx">
      <Filter>Source files\DDF</Filter>
    </ClCompile>
    <ClCompile Include="..\..\..\src\DDF\DDF_TransactionCommands.cxx">
      <Filter>Source files\DDF</Filter>
    </ClCompile>
    <ClCompile Include="..\..\..\src\DDocStd\DDocStd.cxx">
      <Filter>Source files\DDocStd</Filter>
    </ClCompile>
    <ClCompile Include="..\..\..\src\DDocStd\DDocStd_ApplicationCommands.cxx">
      <Filter>Source files\DDocStd</Filter>
    </ClCompile>
    <ClCompile Include="..\..\..\src\DDocStd\DDocStd_DocumentCommands.cxx">
      <Filter>Source files\DDocStd</Filter>
    </ClCompile>
    <ClCompile Include="..\..\..\src\DDocStd\DDocStd_DrawDocument.cxx">
      <Filter>Source files\DDocStd</Filter>
    </ClCompile>
    <ClCompile Include="..\..\..\src\DDocStd\DDocStd_MTMCommands.cxx">
      <Filter>Source files\DDocStd</Filter>
    </ClCompile>
    <ClCompile Include="..\..\..\src\DDocStd\DDocStd_ShapeSchemaCommands.cxx">
      <Filter>Source files\DDocStd</Filter>
    </ClCompile>
    <ClCompile Include="..\..\..\src\DDocStd\DDocStd_ToolsCommands.cxx">
      <Filter>Source files\DDocStd</Filter>
    </ClCompile>
    <ClCompile Include="..\..\..\src\DNaming\DNaming.cxx">
      <Filter>Source files\DNaming</Filter>
    </ClCompile>
    <ClCompile Include="..\..\..\src\DNaming\DNaming_BasicCommands.cxx">
      <Filter>Source files\DNaming</Filter>
    </ClCompile>
    <ClCompile Include="..\..\..\src\DNaming\DNaming_BooleanOperationDriver.cxx">
      <Filter>Source files\DNaming</Filter>
    </ClCompile>
    <ClCompile Include="..\..\..\src\DNaming\DNaming_BoxDriver.cxx">
      <Filter>Source files\DNaming</Filter>
    </ClCompile>
    <ClCompile Include="..\..\..\src\DNaming\DNaming_CylinderDriver.cxx">
      <Filter>Source files\DNaming</Filter>
    </ClCompile>
    <ClCompile Include="..\..\..\src\DNaming\DNaming_FilletDriver.cxx">
      <Filter>Source files\DNaming</Filter>
    </ClCompile>
    <ClCompile Include="..\..\..\src\DNaming\DNaming_Line3DDriver.cxx">
      <Filter>Source files\DNaming</Filter>
    </ClCompile>
    <ClCompile Include="..\..\..\src\DNaming\DNaming_ModelingCommands.cxx">
      <Filter>Source files\DNaming</Filter>
    </ClCompile>
    <ClCompile Include="..\..\..\src\DNaming\DNaming_PointDriver.cxx">
      <Filter>Source files\DNaming</Filter>
    </ClCompile>
    <ClCompile Include="..\..\..\src\DNaming\DNaming_PrismDriver.cxx">
      <Filter>Source files\DNaming</Filter>
    </ClCompile>
    <ClCompile Include="..\..\..\src\DNaming\DNaming_RevolutionDriver.cxx">
      <Filter>Source files\DNaming</Filter>
    </ClCompile>
    <ClCompile Include="..\..\..\src\DNaming\DNaming_SelectionCommands.cxx">
      <Filter>Source files\DNaming</Filter>
    </ClCompile>
    <ClCompile Include="..\..\..\src\DNaming\DNaming_SelectionDriver.cxx">
      <Filter>Source files\DNaming</Filter>
    </ClCompile>
    <ClCompile Include="..\..\..\src\DNaming\DNaming_SphereDriver.cxx">
      <Filter>Source files\DNaming</Filter>
    </ClCompile>
    <ClCompile Include="..\..\..\src\DNaming\DNaming_ToolsCommands.cxx">
      <Filter>Source files\DNaming</Filter>
    </ClCompile>
    <ClCompile Include="..\..\..\src\DNaming\DNaming_TransformationDriver.cxx">
      <Filter>Source files\DNaming</Filter>
    </ClCompile>
    <ClCompile Include="..\..\..\src\DDataStd\DDataStd.cxx">
      <Filter>Source files\DDataStd</Filter>
    </ClCompile>
    <ClCompile Include="..\..\..\src\DDataStd\DDataStd_BasicCommands.cxx">
      <Filter>Source files\DDataStd</Filter>
    </ClCompile>
    <ClCompile Include="..\..\..\src\DDataStd\DDataStd_ConstraintCommands.cxx">
      <Filter>Source files\DDataStd</Filter>
    </ClCompile>
    <ClCompile Include="..\..\..\src\DDataStd\DDataStd_DatumCommands.cxx">
      <Filter>Source files\DDataStd</Filter>
    </ClCompile>
    <ClCompile Include="..\..\..\src\DDataStd\DDataStd_DrawDisplayCommands.cxx">
      <Filter>Source files\DDataStd</Filter>
    </ClCompile>
    <ClCompile Include="..\..\..\src\DDataStd\DDataStd_DrawDriver.cxx">
      <Filter>Source files\DDataStd</Filter>
    </ClCompile>
    <ClCompile Include="..\..\..\src\DDataStd\DDataStd_DrawPresentation.cxx">
      <Filter>Source files\DDataStd</Filter>
    </ClCompile>
    <ClCompile Include="..\..\..\src\DDataStd\DDataStd_NameCommands.cxx">
      <Filter>Source files\DDataStd</Filter>
    </ClCompile>
    <ClCompile Include="..\..\..\src\DDataStd\DDataStd_NamedShapeCommands.cxx">
      <Filter>Source files\DDataStd</Filter>
    </ClCompile>
    <ClCompile Include="..\..\..\src\DDataStd\DDataStd_ObjectCommands.cxx">
      <Filter>Source files\DDataStd</Filter>
    </ClCompile>
    <ClCompile Include="..\..\..\src\DDataStd\DDataStd_TreeBrowser.cxx">
      <Filter>Source files\DDataStd</Filter>
    </ClCompile>
    <ClCompile Include="..\..\..\src\DDataStd\DDataStd_TreeCommands.cxx">
      <Filter>Source files\DDataStd</Filter>
    </ClCompile>
    <ClCompile Include="..\..\..\src\DPrsStd\DPrsStd.cxx">
      <Filter>Source files\DPrsStd</Filter>
    </ClCompile>
    <ClCompile Include="..\..\..\src\DPrsStd\DPrsStd_AISPresentationCommands.cxx">
      <Filter>Source files\DPrsStd</Filter>
    </ClCompile>
    <ClCompile Include="..\..\..\src\DPrsStd\DPrsStd_AISViewerCommands.cxx">
      <Filter>Source files\DPrsStd</Filter>
    </ClCompile>
    <ClCompile Include="..\..\..\src\DrawDim\DrawDim.cxx">
      <Filter>Source files\DrawDim</Filter>
    </ClCompile>
    <ClCompile Include="..\..\..\src\DrawDim\DrawDim_Angle.cxx">
      <Filter>Source files\DrawDim</Filter>
    </ClCompile>
    <ClCompile Include="..\..\..\src\DrawDim\DrawDim_Dimension.cxx">
      <Filter>Source files\DrawDim</Filter>
    </ClCompile>
    <ClCompile Include="..\..\..\src\DrawDim\DrawDim_Distance.cxx">
      <Filter>Source files\DrawDim</Filter>
    </ClCompile>
    <ClCompile Include="..\..\..\src\DrawDim\DrawDim_PlanarAngle.cxx">
      <Filter>Source files\DrawDim</Filter>
    </ClCompile>
    <ClCompile Include="..\..\..\src\DrawDim\DrawDim_PlanarDiameter.cxx">
      <Filter>Source files\DrawDim</Filter>
    </ClCompile>
    <ClCompile Include="..\..\..\src\DrawDim\DrawDim_PlanarDimension.cxx">
      <Filter>Source files\DrawDim</Filter>
    </ClCompile>
    <ClCompile Include="..\..\..\src\DrawDim\DrawDim_PlanarDimensionCommands.cxx">
      <Filter>Source files\DrawDim</Filter>
    </ClCompile>
    <ClCompile Include="..\..\..\src\DrawDim\DrawDim_PlanarDistance.cxx">
      <Filter>Source files\DrawDim</Filter>
    </ClCompile>
    <ClCompile Include="..\..\..\src\DrawDim\DrawDim_PlanarRadius.cxx">
      <Filter>Source files\DrawDim</Filter>
    </ClCompile>
    <ClCompile Include="..\..\..\src\DrawDim\DrawDim_Radius.cxx">
      <Filter>Source files\DrawDim</Filter>
    </ClCompile>
  </ItemGroup>
  <ItemGroup>
    <ClInclude Include="..\..\..\src\DDF\DDF.hxx">
      <Filter>Header files\DDF</Filter>
    </ClInclude>
    <ClInclude Include="..\..\..\src\DDF\DDF_AttributeBrowser.hxx">
      <Filter>Header files\DDF</Filter>
    </ClInclude>
    <ClInclude Include="..\..\..\src\DDF\DDF_Browser.hxx">
      <Filter>Header files\DDF</Filter>
    </ClInclude>
    <ClInclude Include="..\..\..\src\DDF\DDF_Data.hxx">
      <Filter>Header files\DDF</Filter>
    </ClInclude>
    <ClInclude Include="..\..\..\src\DDF\DDF_IOStream.hxx">
      <Filter>Header files\DDF</Filter>
    </ClInclude>
    <ClInclude Include="..\..\..\src\DDF\DDF_ListIteratorOfTransactionStack.hxx">
      <Filter>Header files\DDF</Filter>
    </ClInclude>
    <ClInclude Include="..\..\..\src\DDF\DDF_Transaction.hxx">
      <Filter>Header files\DDF</Filter>
    </ClInclude>
    <ClInclude Include="..\..\..\src\DDF\DDF_TransactionStack.hxx">
      <Filter>Header files\DDF</Filter>
    </ClInclude>
    <ClInclude Include="..\..\..\src\DDocStd\DDocStd.hxx">
      <Filter>Header files\DDocStd</Filter>
    </ClInclude>
    <ClInclude Include="..\..\..\src\DDocStd\DDocStd_DrawDocument.hxx">
      <Filter>Header files\DDocStd</Filter>
    </ClInclude>
    <ClInclude Include="..\..\..\src\DNaming\DNaming.hxx">
      <Filter>Header files\DNaming</Filter>
    </ClInclude>
    <ClInclude Include="..\..\..\src\DNaming\DNaming_BooleanOperationDriver.hxx">
      <Filter>Header files\DNaming</Filter>
    </ClInclude>
    <ClInclude Include="..\..\..\src\DNaming\DNaming_BoxDriver.hxx">
      <Filter>Header files\DNaming</Filter>
    </ClInclude>
    <ClInclude Include="..\..\..\src\DNaming\DNaming_CylinderDriver.hxx">
      <Filter>Header files\DNaming</Filter>
    </ClInclude>
    <ClInclude Include="..\..\..\src\DNaming\DNaming_DataMapIteratorOfDataMapOfShapeOfName.hxx">
      <Filter>Header files\DNaming</Filter>
    </ClInclude>
    <ClInclude Include="..\..\..\src\DNaming\DNaming_DataMapOfShapeOfName.hxx">
      <Filter>Header files\DNaming</Filter>
    </ClInclude>
    <ClInclude Include="..\..\..\src\DNaming\DNaming_FilletDriver.hxx">
      <Filter>Header files\DNaming</Filter>
    </ClInclude>
    <ClInclude Include="..\..\..\src\DNaming\DNaming_Line3DDriver.hxx">
      <Filter>Header files\DNaming</Filter>
    </ClInclude>
    <ClInclude Include="..\..\..\src\DNaming\DNaming_PointDriver.hxx">
      <Filter>Header files\DNaming</Filter>
    </ClInclude>
    <ClInclude Include="..\..\..\src\DNaming\DNaming_PrismDriver.hxx">
      <Filter>Header files\DNaming</Filter>
    </ClInclude>
    <ClInclude Include="..\..\..\src\DNaming\DNaming_RevolutionDriver.hxx">
      <Filter>Header files\DNaming</Filter>
    </ClInclude>
    <ClInclude Include="..\..\..\src\DNaming\DNaming_SelectionDriver.hxx">
      <Filter>Header files\DNaming</Filter>
    </ClInclude>
    <ClInclude Include="..\..\..\src\DNaming\DNaming_SphereDriver.hxx">
      <Filter>Header files\DNaming</Filter>
    </ClInclude>
    <ClInclude Include="..\..\..\src\DNaming\DNaming_TransformationDriver.hxx">
      <Filter>Header files\DNaming</Filter>
    </ClInclude>
    <ClInclude Include="..\..\..\src\DNaming\ModelDefinitions.hxx">
      <Filter>Header files\DNaming</Filter>
    </ClInclude>
    <ClInclude Include="..\..\..\src\DDataStd\DDataStd.hxx">
      <Filter>Header files\DDataStd</Filter>
    </ClInclude>
    <ClInclude Include="..\..\..\src\DDataStd\DDataStd_DrawDriver.hxx">
      <Filter>Header files\DDataStd</Filter>
    </ClInclude>
    <ClInclude Include="..\..\..\src\DDataStd\DDataStd_DrawPresentation.hxx">
      <Filter>Header files\DDataStd</Filter>
    </ClInclude>
    <ClInclude Include="..\..\..\src\DDataStd\DDataStd_TreeBrowser.hxx">
      <Filter>Header files\DDataStd</Filter>
    </ClInclude>
    <ClInclude Include="..\..\..\src\DPrsStd\DPrsStd.hxx">
      <Filter>Header files\DPrsStd</Filter>
    </ClInclude>
    <ClInclude Include="..\..\..\src\DrawDim\DrawDim.hxx">
      <Filter>Header files\DrawDim</Filter>
    </ClInclude>
    <ClInclude Include="..\..\..\src\DrawDim\DrawDim_Angle.hxx">
      <Filter>Header files\DrawDim</Filter>
    </ClInclude>
    <ClInclude Include="..\..\..\src\DrawDim\DrawDim_Dimension.hxx">
      <Filter>Header files\DrawDim</Filter>
    </ClInclude>
    <ClInclude Include="..\..\..\src\DrawDim\DrawDim_Distance.hxx">
      <Filter>Header files\DrawDim</Filter>
    </ClInclude>
    <ClInclude Include="..\..\..\src\DrawDim\DrawDim_PlanarAngle.hxx">
      <Filter>Header files\DrawDim</Filter>
    </ClInclude>
    <ClInclude Include="..\..\..\src\DrawDim\DrawDim_PlanarDiameter.hxx">
      <Filter>Header files\DrawDim</Filter>
    </ClInclude>
    <ClInclude Include="..\..\..\src\DrawDim\DrawDim_PlanarDimension.hxx">
      <Filter>Header files\DrawDim</Filter>
    </ClInclude>
    <ClInclude Include="..\..\..\src\DrawDim\DrawDim_PlanarDistance.hxx">
      <Filter>Header files\DrawDim</Filter>
    </ClInclude>
    <ClInclude Include="..\..\..\src\DrawDim\DrawDim_PlanarRadius.hxx">
      <Filter>Header files\DrawDim</Filter>
    </ClInclude>
    <ClInclude Include="..\..\..\src\DrawDim\DrawDim_Radius.hxx">
      <Filter>Header files\DrawDim</Filter>
    </ClInclude>
  </ItemGroup>
  <ItemGroup>
    <ResourceCompile Include="TKDCAF.rc" />
  </ItemGroup>
</Project>
