<?xml version="1.0" encoding="utf-8"?>
<Project ToolsVersion="4.0" xmlns="http://schemas.microsoft.com/developer/msbuild/2003">
  <ItemGroup>
    <Filter Include="Source files">
      <UniqueIdentifier>{454EFE04-00DE-0FD4-0FC9-8E299A4D6643}</UniqueIdentifier>
    </Filter>
    <Filter Include="Header files">
      <UniqueIdentifier>{74F97D1A-1074-1435-0D43-C6A438478F4C}</UniqueIdentifier>
    </Filter>
    <Filter Include="Source files\RWGltf">
      <UniqueIdentifier>{10D284B6-15CD-162E-1277-CF91DD716D9D}</UniqueIdentifier>
    </Filter>
    <Filter Include="Source files\RWMesh">
      <UniqueIdentifier>{D39586CF-0559-00C4-065F-29E598A08DF0}</UniqueIdentifier>
    </Filter>
    <Filter Include="Source files\RWObj">
      <UniqueIdentifier>{C6BDBD5D-154C-0342-0548-0E0A9DDAFF4D}</UniqueIdentifier>
    </Filter>
    <Filter Include="Header files\RWGltf">
      <UniqueIdentifier>{AF24FAAA-193C-12D6-119E-BE42C010773A}</UniqueIdentifier>
    </Filter>
    <Filter Include="Header files\RWMesh">
      <UniqueIdentifier>{03A0AB52-0AB7-1380-1355-57763F143C6E}</UniqueIdentifier>
    </Filter>
    <Filter Include="Header files\RWObj">
      <UniqueIdentifier>{8B73F4E6-1917-0906-12F0-080B69252B70}</UniqueIdentifier>
    </Filter>
  </ItemGroup>
  <ItemGroup>
    <ClCompile Include="..\..\..\src\RWGltf\RWGltf_CafReader.cxx">
      <Filter>Source files\RWGltf</Filter>
    </ClCompile>
    <ClCompile Include="..\..\..\src\RWGltf\RWGltf_GltfJsonParser.cxx">
      <Filter>Source files\RWGltf</Filter>
    </ClCompile>
    <ClCompile Include="..\..\..\src\RWGltf\RWGltf_GltfLatePrimitiveArray.cxx">
      <Filter>Source files\RWGltf</Filter>
    </ClCompile>
    <ClCompile Include="..\..\..\src\RWGltf\RWGltf_PrimitiveArrayReader.cxx">
      <Filter>Source files\RWGltf</Filter>
    </ClCompile>
    <ClCompile Include="..\..\..\src\RWGltf\RWGltf_TriangulationReader.cxx">
      <Filter>Source files\RWGltf</Filter>
    </ClCompile>
    <ClCompile Include="..\..\..\src\RWMesh\RWMesh_CafReader.cxx">
      <Filter>Source files\RWMesh</Filter>
    </ClCompile>
    <ClCompile Include="..\..\..\src\RWMesh\RWMesh_CoordinateSystemConverter.cxx">
      <Filter>Source files\RWMesh</Filter>
    </ClCompile>
    <ClCompile Include="..\..\..\src\RWObj\RWObj.cxx">
      <Filter>Source files\RWObj</Filter>
    </ClCompile>
    <ClCompile Include="..\..\..\src\RWObj\RWObj_CafReader.cxx">
      <Filter>Source files\RWObj</Filter>
    </ClCompile>
    <ClCompile Include="..\..\..\src\RWObj\RWObj_MtlReader.cxx">
      <Filter>Source files\RWObj</Filter>
    </ClCompile>
    <ClCompile Include="..\..\..\src\RWObj\RWObj_Reader.cxx">
      <Filter>Source files\RWObj</Filter>
    </ClCompile>
    <ClCompile Include="..\..\..\src\RWObj\RWObj_TriangulationReader.cxx">
      <Filter>Source files\RWObj</Filter>
    </ClCompile>
  </ItemGroup>
  <ItemGroup>
    <ClInclude Include="..\..\..\src\RWGltf\RWGltf_CafReader.hxx">
      <Filter>Header files\RWGltf</Filter>
    </ClInclude>
    <ClInclude Include="..\..\..\src\RWGltf\RWGltf_GltfAccessor.hxx">
      <Filter>Header files\RWGltf</Filter>
    </ClInclude>
    <ClInclude Include="..\..\..\src\RWGltf\RWGltf_GltfAccessorCompType.hxx">
      <Filter>Header files\RWGltf</Filter>
    </ClInclude>
    <ClInclude Include="..\..\..\src\RWGltf\RWGltf_GltfAccessorLayout.hxx">
      <Filter>Header files\RWGltf</Filter>
    </ClInclude>
    <ClInclude Include="..\..\..\src\RWGltf\RWGltf_GltfArrayType.hxx">
      <Filter>Header files\RWGltf</Filter>
    </ClInclude>
    <ClInclude Include="..\..\..\src\RWGltf\RWGltf_GltfBufferView.hxx">
      <Filter>Header files\RWGltf</Filter>
    </ClInclude>
    <ClInclude Include="..\..\..\src\RWGltf\RWGltf_GltfBufferViewTarget.hxx">
      <Filter>Header files\RWGltf</Filter>
    </ClInclude>
    <ClInclude Include="..\..\..\src\RWGltf\RWGltf_GltfFace.hxx">
      <Filter>Header files\RWGltf</Filter>
    </ClInclude>
    <ClInclude Include="..\..\..\src\RWGltf\RWGltf_GltfJsonParser.pxx">
      <Filter>Header files\RWGltf</Filter>
    </ClInclude>
    <ClInclude Include="..\..\..\src\RWGltf\RWGltf_GltfLatePrimitiveArray.hxx">
      <Filter>Header files\RWGltf</Filter>
    </ClInclude>
    <ClInclude Include="..\..\..\src\RWGltf\RWGltf_GltfPrimArrayData.hxx">
      <Filter>Header files\RWGltf</Filter>
    </ClInclude>
    <ClInclude Include="..\..\..\src\RWGltf\RWGltf_GltfPrimitiveMode.hxx">
      <Filter>Header files\RWGltf</Filter>
    </ClInclude>
    <ClInclude Include="..\..\..\src\RWGltf\RWGltf_GltfRootElement.hxx">
      <Filter>Header files\RWGltf</Filter>
    </ClInclude>
    <ClInclude Include="..\..\..\src\RWGltf\RWGltf_MaterialCommon.hxx">
      <Filter>Header files\RWGltf</Filter>
    </ClInclude>
    <ClInclude Include="..\..\..\src\RWGltf\RWGltf_MaterialMetallicRoughness.hxx">
      <Filter>Header files\RWGltf</Filter>
    </ClInclude>
    <ClInclude Include="..\..\..\src\RWGltf\RWGltf_PrimitiveArrayReader.hxx">
      <Filter>Header files\RWGltf</Filter>
    </ClInclude>
    <ClInclude Include="..\..\..\src\RWGltf\RWGltf_TriangulationReader.hxx">
      <Filter>Header files\RWGltf</Filter>
    </ClInclude>
    <ClInclude Include="..\..\..\src\RWMesh\RWMesh_CafReader.hxx">
      <Filter>Header files\RWMesh</Filter>
    </ClInclude>
    <ClInclude Include="..\..\..\src\RWMesh\RWMesh_CoordinateSystem.hxx">
      <Filter>Header files\RWMesh</Filter>
    </ClInclude>
    <ClInclude Include="..\..\..\src\RWMesh\RWMesh_CoordinateSystemConverter.hxx">
      <Filter>Header files\RWMesh</Filter>
    </ClInclude>
    <ClInclude Include="..\..\..\src\RWMesh\RWMesh_NodeAttributes.hxx">
      <Filter>Header files\RWMesh</Filter>
    </ClInclude>
    <ClInclude Include="..\..\..\src\RWObj\RWObj.hxx">
      <Filter>Header files\RWObj</Filter>
    </ClInclude>
    <ClInclude Include="..\..\..\src\RWObj\RWObj_CafReader.hxx">
      <Filter>Header files\RWObj</Filter>
    </ClInclude>
    <ClInclude Include="..\..\..\src\RWObj\RWObj_Material.hxx">
      <Filter>Header files\RWObj</Filter>
    </ClInclude>
    <ClInclude Include="..\..\..\src\RWObj\RWObj_MtlReader.hxx">
      <Filter>Header files\RWObj</Filter>
    </ClInclude>
    <ClInclude Include="..\..\..\src\RWObj\RWObj_Reader.hxx">
      <Filter>Header files\RWObj</Filter>
    </ClInclude>
    <ClInclude Include="..\..\..\src\RWObj\RWObj_SubMesh.hxx">
      <Filter>Header files\RWObj</Filter>
    </ClInclude>
    <ClInclude Include="..\..\..\src\RWObj\RWObj_SubMeshReason.hxx">
      <Filter>Header files\RWObj</Filter>
    </ClInclude>
    <ClInclude Include="..\..\..\src\RWObj\RWObj_Tools.hxx">
      <Filter>Header files\RWObj</Filter>
    </ClInclude>
    <ClInclude Include="..\..\..\src\RWObj\RWObj_TriangulationReader.hxx">
      <Filter>Header files\RWObj</Filter>
    </ClInclude>
  </ItemGroup>
  <ItemGroup>
    <ResourceCompile Include="TKRWMesh.rc" />
  </ItemGroup>
</Project>
