<?xml version="1.0" encoding="utf-8"?>
<Project ToolsVersion="4.0" xmlns="http://schemas.microsoft.com/developer/msbuild/2003">
  <ItemGroup>
    <Filter Include="Source Files">
      <UniqueIdentifier>{57da5408-6db6-4e5a-a0f1-a44567eab085}</UniqueIdentifier>
      <Extensions>cpp;c;cxx;rc;def;r;odl;idl;hpj;bat</Extensions>
    </Filter>
    <Filter Include="Header Files">
      <UniqueIdentifier>{46c7bc17-152a-48e3-935e-680a0b47caca}</UniqueIdentifier>
      <Extensions>h;hpp;hxx;hm;inl</Extensions>
    </Filter>
    <Filter Include="Common">
      <UniqueIdentifier>{919cd67f-0d9b-47cd-be08-ff5d74cff5a0}</UniqueIdentifier>
    </Filter>
    <Filter Include="Common\Source Files No. 1">
      <UniqueIdentifier>{efc58ab0-645a-43bc-a452-4e0d7c866058}</UniqueIdentifier>
    </Filter>
    <Filter Include="Common\Header Files No. 1">
      <UniqueIdentifier>{9a110fcf-912d-42b7-939f-6641e88d27ca}</UniqueIdentifier>
    </Filter>
    <Filter Include="Common\Resource Files">
      <UniqueIdentifier>{0d4f1d75-de65-430d-9322-2c900984fdc4}</UniqueIdentifier>
    </Filter>
  </ItemGroup>
  <ItemGroup>
    <ClCompile Include="TexturesExt_Presentation.cpp">
      <Filter>Source Files</Filter>
    </ClCompile>
    <ClCompile Include="..\Common\ISession\ISession_Curve.cpp">
      <Filter>Common\Source Files No. 1</Filter>
    </ClCompile>
    <ClCompile Include="..\Common\WNT\MainFrm.cpp">
      <Filter>Common\Source Files No. 1</Filter>
    </ClCompile>
    <ClCompile Include="..\Common\WNT\OCCDemo.cpp">
      <Filter>Common\Source Files No. 1</Filter>
    </ClCompile>
    <ClCompile Include="..\Common\OCCDemo_Presentation.cpp">
      <Filter>Common\Source Files No. 1</Filter>
    </ClCompile>
    <ClCompile Include="..\Common\WNT\OCCDemoDoc.cpp">
      <Filter>Common\Source Files No. 1</Filter>
    </ClCompile>
    <ClCompile Include="..\Common\WNT\OCCDemoView.cpp">
      <Filter>Common\Source Files No. 1</Filter>
    </ClCompile>
    <ClCompile Include="..\Common\WNT\ResultDialog.cpp">
      <Filter>Common\Source Files No. 1</Filter>
    </ClCompile>
    <ClCompile Include="..\Common\WNT\StdAfx.cpp">
      <Filter>Common\Source Files No. 1</Filter>
    </ClCompile>
  </ItemGroup>
  <ItemGroup>
    <ClInclude Include="TexturesExt_Presentation.h">
      <Filter>Header Files</Filter>
    </ClInclude>
    <ClInclude Include="..\Common\ISession\ISession_Curve.h">
      <Filter>Common\Header Files No. 1</Filter>
    </ClInclude>
    <ClInclude Include="..\Common\WNT\MainFrm.h">
      <Filter>Common\Header Files No. 1</Filter>
    </ClInclude>
    <ClInclude Include="..\Common\WNT\OCCDemo.h">
      <Filter>Common\Header Files No. 1</Filter>
    </ClInclude>
    <ClInclude Include="..\Common\OCCDemo_Presentation.h">
      <Filter>Common\Header Files No. 1</Filter>
    </ClInclude>
    <ClInclude Include="..\Common\WNT\OCCDemoDoc.h">
      <Filter>Common\Header Files No. 1</Filter>
    </ClInclude>
    <ClInclude Include="..\Common\WNT\OCCDemoView.h">
      <Filter>Common\Header Files No. 1</Filter>
    </ClInclude>
    <ClInclude Include="..\Common\WNT\resource.h">
      <Filter>Common\Header Files No. 1</Filter>
    </ClInclude>
    <ClInclude Include="..\Common\WNT\ResultDialog.h">
      <Filter>Common\Header Files No. 1</Filter>
    </ClInclude>
    <ClInclude Include="..\Common\WNT\StdAfx.h">
      <Filter>Common\Header Files No. 1</Filter>
    </ClInclude>
  </ItemGroup>
  <ItemGroup>
    <None Include="..\env.bat">
      <Filter>Common</Filter>
    </None>
    <None Include="..\run.bat">
      <Filter>Common</Filter>
    </None>
    <None Include="..\vc.bat">
      <Filter>Common</Filter>
    </None>
    <None Include="..\Common\WNT\res\OCCDemo.rc2">
      <Filter>Common\Resource Files</Filter>
    </None>
  </ItemGroup>
  <ItemGroup>
    <Text Include="..\readme.txt">
      <Filter>Common</Filter>
    </Text>
  </ItemGroup>
  <ItemGroup>
    <ResourceCompile Include="..\Common\WNT\OCCDemo.rc">
      <Filter>Common\Source Files No. 1</Filter>
    </ResourceCompile>
  </ItemGroup>
  <ItemGroup>
    <Image Include="..\Common\WNT\res\OCCDemo.ico">
      <Filter>Common\Resource Files</Filter>
    </Image>
    <Image Include="..\Common\WNT\res\toolbar.bmp">
      <Filter>Common\Resource Files</Filter>
    </Image>
    <Image Include="..\Common\WNT\res\toolbar1.bmp">
      <Filter>Common\Resource Files</Filter>
    </Image>
  </ItemGroup>
</Project>