<?xml version="1.0" encoding="utf-8"?>
<Project ToolsVersion="4.0" xmlns="http://schemas.microsoft.com/developer/msbuild/2003">
  <ItemGroup>
    <Filter Include="Source files">
      <UniqueIdentifier>{80037316-14A1-18C2-075C-140B4AF1308B}</UniqueIdentifier>
    </Filter>
    <Filter Include="Header files">
      <UniqueIdentifier>{AA27E942-0AF7-0120-18A7-784BECC09E47}</UniqueIdentifier>
    </Filter>
    <Filter Include="Source files\BinTObjDrivers">
      <UniqueIdentifier>{D75AAE18-16E3-0DA9-10DD-3245A67A98FA}</UniqueIdentifier>
    </Filter>
    <Filter Include="Header files\BinTObjDrivers">
      <UniqueIdentifier>{D1815788-049A-1797-014F-A18352B497FF}</UniqueIdentifier>
    </Filter>
  </ItemGroup>
  <ItemGroup>
    <ClCompile Include="..\..\..\src\BinTObjDrivers\BinTObjDrivers.cxx">
      <Filter>Source files\BinTObjDrivers</Filter>
    </ClCompile>
    <ClCompile Include="..\..\..\src\BinTObjDrivers\BinTObjDrivers_DocumentRetrievalDriver.cxx">
      <Filter>Source files\BinTObjDrivers</Filter>
    </ClCompile>
    <ClCompile Include="..\..\..\src\BinTObjDrivers\BinTObjDrivers_DocumentStorageDriver.cxx">
      <Filter>Source files\BinTObjDrivers</Filter>
    </ClCompile>
    <ClCompile Include="..\..\..\src\BinTObjDrivers\BinTObjDrivers_IntSparseArrayDriver.cxx">
      <Filter>Source files\BinTObjDrivers</Filter>
    </ClCompile>
    <ClCompile Include="..\..\..\src\BinTObjDrivers\BinTObjDrivers_ModelDriver.cxx">
      <Filter>Source files\BinTObjDrivers</Filter>
    </ClCompile>
    <ClCompile Include="..\..\..\src\BinTObjDrivers\BinTObjDrivers_ObjectDriver.cxx">
      <Filter>Source files\BinTObjDrivers</Filter>
    </ClCompile>
    <ClCompile Include="..\..\..\src\BinTObjDrivers\BinTObjDrivers_ReferenceDriver.cxx">
      <Filter>Source files\BinTObjDrivers</Filter>
    </ClCompile>
    <ClCompile Include="..\..\..\src\BinTObjDrivers\BinTObjDrivers_XYZDriver.cxx">
      <Filter>Source files\BinTObjDrivers</Filter>
    </ClCompile>
  </ItemGroup>
  <ItemGroup>
    <ClInclude Include="..\..\..\src\BinTObjDrivers\BinTObjDrivers.hxx">
      <Filter>Header files\BinTObjDrivers</Filter>
    </ClInclude>
    <ClInclude Include="..\..\..\src\BinTObjDrivers\BinTObjDrivers_DocumentRetrievalDriver.hxx">
      <Filter>Header files\BinTObjDrivers</Filter>
    </ClInclude>
    <ClInclude Include="..\..\..\src\BinTObjDrivers\BinTObjDrivers_DocumentStorageDriver.hxx">
      <Filter>Header files\BinTObjDrivers</Filter>
    </ClInclude>
    <ClInclude Include="..\..\..\src\BinTObjDrivers\BinTObjDrivers_IntSparseArrayDriver.hxx">
      <Filter>Header files\BinTObjDrivers</Filter>
    </ClInclude>
    <ClInclude Include="..\..\..\src\BinTObjDrivers\BinTObjDrivers_ModelDriver.hxx">
      <Filter>Header files\BinTObjDrivers</Filter>
    </ClInclude>
    <ClInclude Include="..\..\..\src\BinTObjDrivers\BinTObjDrivers_ObjectDriver.hxx">
      <Filter>Header files\BinTObjDrivers</Filter>
    </ClInclude>
    <ClInclude Include="..\..\..\src\BinTObjDrivers\BinTObjDrivers_ReferenceDriver.hxx">
      <Filter>Header files\BinTObjDrivers</Filter>
    </ClInclude>
    <ClInclude Include="..\..\..\src\BinTObjDrivers\BinTObjDrivers_XYZDriver.hxx">
      <Filter>Header files\BinTObjDrivers</Filter>
    </ClInclude>
  </ItemGroup>
  <ItemGroup>
    <ResourceCompile Include="TKBinTObj.rc" />
  </ItemGroup>
</Project>
