<?xml version="1.0" encoding="utf-8"?>
<Project ToolsVersion="4.0" xmlns="http://schemas.microsoft.com/developer/msbuild/2003">
  <ItemGroup>
    <Filter Include="Source files">
      <UniqueIdentifier>{1A7E21F4-00D1-078D-0371-73C08764EB9B}</UniqueIdentifier>
    </Filter>
    <Filter Include="Header files">
      <UniqueIdentifier>{A839F047-1159-0701-16F0-3ED0BDFA4B4B}</UniqueIdentifier>
    </Filter>
    <Filter Include="Source files\D3DHost">
      <UniqueIdentifier>{656676A2-0082-108D-0520-AFDDDD0F127A}</UniqueIdentifier>
    </Filter>
    <Filter Include="Header files\D3DHost">
      <UniqueIdentifier>{86312960-1094-13C5-0A2E-1DF69C297CD9}</UniqueIdentifier>
    </Filter>
  </ItemGroup>
  <ItemGroup>
    <ClCompile Include="..\..\..\src\D3DHost\D3DHost_FrameBuffer.cxx">
      <Filter>Source files\D3DHost</Filter>
    </ClCompile>
    <ClCompile Include="..\..\..\src\D3DHost\D3DHost_GraphicDriver.cxx">
      <Filter>Source files\D3DHost</Filter>
    </ClCompile>
    <ClCompile Include="..\..\..\src\D3DHost\D3DHost_View.cxx">
      <Filter>Source files\D3DHost</Filter>
    </ClCompile>
  </ItemGroup>
  <ItemGroup>
    <ClInclude Include="..\..\..\src\D3DHost\D3DHost_FrameBuffer.hxx">
      <Filter>Header files\D3DHost</Filter>
    </ClInclude>
    <ClInclude Include="..\..\..\src\D3DHost\D3DHost_GraphicDriver.hxx">
      <Filter>Header files\D3DHost</Filter>
    </ClInclude>
    <ClInclude Include="..\..\..\src\D3DHost\D3DHost_View.hxx">
      <Filter>Header files\D3DHost</Filter>
    </ClInclude>
  </ItemGroup>
  <ItemGroup>
    <ResourceCompile Include="TKD3DHost.rc" />
  </ItemGroup>
</Project>
