<?xml version="1.0" encoding="utf-8"?>
<Project ToolsVersion="4.0" xmlns="http://schemas.microsoft.com/developer/msbuild/2003">
  <ItemGroup>
    <Filter Include="Source files">
      <UniqueIdentifier>{927B36AD-182C-11CD-081C-5272C4ECC2D9}</UniqueIdentifier>
    </Filter>
    <Filter Include="Header files">
      <UniqueIdentifier>{EC6852EB-192A-11AB-14F2-1435C1D5401A}</UniqueIdentifier>
    </Filter>
    <Filter Include="Source files\ViewerTest">
      <UniqueIdentifier>{639EADD4-0F80-0FDB-14B4-E044ADBCE1CC}</UniqueIdentifier>
    </Filter>
    <Filter Include="Header files\ViewerTest">
      <UniqueIdentifier>{8C3841CC-0136-0EDA-145D-5CCCDB8D4019}</UniqueIdentifier>
    </Filter>
  </ItemGroup>
  <ItemGroup>
    <ClCompile Include="..\..\..\src\ViewerTest\ViewerTest.cxx">
      <Filter>Source files\ViewerTest</Filter>
    </ClCompile>
    <ClCompile Include="..\..\..\src\ViewerTest\ViewerTest_AutoUpdater.cxx">
      <Filter>Source files\ViewerTest</Filter>
    </ClCompile>
    <ClCompile Include="..\..\..\src\ViewerTest\ViewerTest_CmdParser.cxx">
      <Filter>Source files\ViewerTest</Filter>
    </ClCompile>
    <ClCompile Include="..\..\..\src\ViewerTest\ViewerTest_EventManager.cxx">
      <Filter>Source files\ViewerTest</Filter>
    </ClCompile>
    <ClCompile Include="..\..\..\src\ViewerTest\ViewerTest_FilletCommands.cxx">
      <Filter>Source files\ViewerTest</Filter>
    </ClCompile>
    <ClCompile Include="..\..\..\src\ViewerTest\ViewerTest_ObjectCommands.cxx">
      <Filter>Source files\ViewerTest</Filter>
    </ClCompile>
    <ClCompile Include="..\..\..\src\ViewerTest\ViewerTest_OpenGlCommands.cxx">
      <Filter>Source files\ViewerTest</Filter>
    </ClCompile>
    <ClCompile Include="..\..\..\src\ViewerTest\ViewerTest_RelationCommands.cxx">
      <Filter>Source files\ViewerTest</Filter>
    </ClCompile>
    <ClCompile Include="..\..\..\src\ViewerTest\ViewerTest_V3dView.cxx">
      <Filter>Source files\ViewerTest</Filter>
    </ClCompile>
    <ClCompile Include="..\..\..\src\ViewerTest\ViewerTest_ViewerCommands.cxx">
      <Filter>Source files\ViewerTest</Filter>
    </ClCompile>
  </ItemGroup>
  <ItemGroup>
    <ClInclude Include="..\..\..\src\ViewerTest\ViewerTest.hxx">
      <Filter>Header files\ViewerTest</Filter>
    </ClInclude>
    <ClInclude Include="..\..\..\src\ViewerTest\ViewerTest_AutoUpdater.hxx">
      <Filter>Header files\ViewerTest</Filter>
    </ClInclude>
    <ClInclude Include="..\..\..\src\ViewerTest\ViewerTest_CmdParser.hxx">
      <Filter>Header files\ViewerTest</Filter>
    </ClInclude>
    <ClInclude Include="..\..\..\src\ViewerTest\ViewerTest_DoubleMapIteratorOfDoubleMapOfInteractiveAndName.hxx">
      <Filter>Header files\ViewerTest</Filter>
    </ClInclude>
    <ClInclude Include="..\..\..\src\ViewerTest\ViewerTest_DoubleMapOfInteractiveAndName.hxx">
      <Filter>Header files\ViewerTest</Filter>
    </ClInclude>
    <ClInclude Include="..\..\..\src\ViewerTest\ViewerTest_EventManager.hxx">
      <Filter>Header files\ViewerTest</Filter>
    </ClInclude>
    <ClInclude Include="..\..\..\src\ViewerTest\ViewerTest_V3dView.hxx">
      <Filter>Header files\ViewerTest</Filter>
    </ClInclude>
    <ClInclude Include="..\..\..\src\ViewerTest\ViewerTest_ViewerCommands_1.mm">
      <Filter>Header files\ViewerTest</Filter>
    </ClInclude>
  </ItemGroup>
  <ItemGroup>
    <ResourceCompile Include="TKViewerTest.rc" />
  </ItemGroup>
</Project>
