<?xml version="1.0" encoding="utf-8"?>
<Project ToolsVersion="4.0" xmlns="http://schemas.microsoft.com/developer/msbuild/2003">
  <ItemGroup>
    <Filter Include="Source files">
      <UniqueIdentifier>{45C1811A-0E6C-0935-18E2-61234D54C83A}</UniqueIdentifier>
    </Filter>
    <Filter Include="Header files">
      <UniqueIdentifier>{257EFCAB-0D8B-07F9-1851-D0738D5266D1}</UniqueIdentifier>
    </Filter>
    <Filter Include="Source files\XCAFApp">
      <UniqueIdentifier>{DC3FB70D-035D-0C4A-14EE-F14A313DF21E}</UniqueIdentifier>
    </Filter>
    <Filter Include="Source files\XCAFDimTolObjects">
      <UniqueIdentifier>{E2B73036-194C-03D5-0AE6-306354C92F47}</UniqueIdentifier>
    </Filter>
    <Filter Include="Source files\XCAFNoteObjects">
      <UniqueIdentifier>{3F1D4B59-153A-12D7-18AA-FBFB1C230901}</UniqueIdentifier>
    </Filter>
    <Filter Include="Source files\XCAFDoc">
      <UniqueIdentifier>{2448BAB2-0CD5-123E-0138-2BBBF2402FD5}</UniqueIdentifier>
    </Filter>
    <Filter Include="Source files\XCAFPrs">
      <UniqueIdentifier>{0452D2BD-0904-0519-14C1-15D2C8C159F3}</UniqueIdentifier>
    </Filter>
    <Filter Include="Source files\XCAFView">
      <UniqueIdentifier>{F884CF7D-0CC5-0511-11B5-D749851BD1C2}</UniqueIdentifier>
    </Filter>
    <Filter Include="Header files\XCAFApp">
      <UniqueIdentifier>{684DFA9D-0966-05CD-12C4-22D81D9A8105}</UniqueIdentifier>
    </Filter>
    <Filter Include="Header files\XCAFDimTolObjects">
      <UniqueIdentifier>{8C7F78B0-02B0-0AE1-0C4F-9C8B63833F92}</UniqueIdentifier>
    </Filter>
    <Filter Include="Header files\XCAFNoteObjects">
      <UniqueIdentifier>{C28B87E5-05E2-16C4-099B-A4D66AF8E219}</UniqueIdentifier>
    </Filter>
    <Filter Include="Header files\XCAFDoc">
      <UniqueIdentifier>{C3E29405-08F0-04B3-0CCF-5F8C36EE41EF}</UniqueIdentifier>
    </Filter>
    <Filter Include="Header files\XCAFPrs">
      <UniqueIdentifier>{2ABEB284-1820-0F2E-03D9-587CEC7173E0}</UniqueIdentifier>
    </Filter>
    <Filter Include="Header files\XCAFView">
      <UniqueIdentifier>{6E82A2E4-02B1-1237-0713-794C066E4FE8}</UniqueIdentifier>
    </Filter>
  </ItemGroup>
  <ItemGroup>
    <ClCompile Include="..\..\..\src\XCAFApp\XCAFApp_Application.cxx">
      <Filter>Source files\XCAFApp</Filter>
    </ClCompile>
    <ClCompile Include="..\..\..\src\XCAFDimTolObjects\XCAFDimTolObjects_DatumObject.cxx">
      <Filter>Source files\XCAFDimTolObjects</Filter>
    </ClCompile>
    <ClCompile Include="..\..\..\src\XCAFDimTolObjects\XCAFDimTolObjects_DimensionObject.cxx">
      <Filter>Source files\XCAFDimTolObjects</Filter>
    </ClCompile>
    <ClCompile Include="..\..\..\src\XCAFDimTolObjects\XCAFDimTolObjects_GeomToleranceObject.cxx">
      <Filter>Source files\XCAFDimTolObjects</Filter>
    </ClCompile>
    <ClCompile Include="..\..\..\src\XCAFDimTolObjects\XCAFDimTolObjects_Tool.cxx">
      <Filter>Source files\XCAFDimTolObjects</Filter>
    </ClCompile>
    <ClCompile Include="..\..\..\src\XCAFNoteObjects\XCAFNoteObjects_NoteObject.cxx">
      <Filter>Source files\XCAFNoteObjects</Filter>
    </ClCompile>
    <ClCompile Include="..\..\..\src\XCAFDoc\XCAFDoc.cxx">
      <Filter>Source files\XCAFDoc</Filter>
    </ClCompile>
    <ClCompile Include="..\..\..\src\XCAFDoc\XCAFDoc_Area.cxx">
      <Filter>Source files\XCAFDoc</Filter>
    </ClCompile>
    <ClCompile Include="..\..\..\src\XCAFDoc\XCAFDoc_AssemblyItemId.cxx">
      <Filter>Source files\XCAFDoc</Filter>
    </ClCompile>
    <ClCompile Include="..\..\..\src\XCAFDoc\XCAFDoc_AssemblyItemRef.cxx">
      <Filter>Source files\XCAFDoc</Filter>
    </ClCompile>
    <ClCompile Include="..\..\..\src\XCAFDoc\XCAFDoc_Centroid.cxx">
      <Filter>Source files\XCAFDoc</Filter>
    </ClCompile>
    <ClCompile Include="..\..\..\src\XCAFDoc\XCAFDoc_ClippingPlaneTool.cxx">
      <Filter>Source files\XCAFDoc</Filter>
    </ClCompile>
    <ClCompile Include="..\..\..\src\XCAFDoc\XCAFDoc_Color.cxx">
      <Filter>Source files\XCAFDoc</Filter>
    </ClCompile>
    <ClCompile Include="..\..\..\src\XCAFDoc\XCAFDoc_ColorTool.cxx">
      <Filter>Source files\XCAFDoc</Filter>
    </ClCompile>
    <ClCompile Include="..\..\..\src\XCAFDoc\XCAFDoc_Datum.cxx">
      <Filter>Source files\XCAFDoc</Filter>
    </ClCompile>
    <ClCompile Include="..\..\..\src\XCAFDoc\XCAFDoc_DimTol.cxx">
      <Filter>Source files\XCAFDoc</Filter>
    </ClCompile>
    <ClCompile Include="..\..\..\src\XCAFDoc\XCAFDoc_DimTolTool.cxx">
      <Filter>Source files\XCAFDoc</Filter>
    </ClCompile>
    <ClCompile Include="..\..\..\src\XCAFDoc\XCAFDoc_Dimension.cxx">
      <Filter>Source files\XCAFDoc</Filter>
    </ClCompile>
    <ClCompile Include="..\..\..\src\XCAFDoc\XCAFDoc_DocumentTool.cxx">
      <Filter>Source files\XCAFDoc</Filter>
    </ClCompile>
    <ClCompile Include="..\..\..\src\XCAFDoc\XCAFDoc_Editor.cxx">
      <Filter>Source files\XCAFDoc</Filter>
    </ClCompile>
    <ClCompile Include="..\..\..\src\XCAFDoc\XCAFDoc_GeomTolerance.cxx">
      <Filter>Source files\XCAFDoc</Filter>
    </ClCompile>
    <ClCompile Include="..\..\..\src\XCAFDoc\XCAFDoc_GraphNode.cxx">
      <Filter>Source files\XCAFDoc</Filter>
    </ClCompile>
    <ClCompile Include="..\..\..\src\XCAFDoc\XCAFDoc_LayerTool.cxx">
      <Filter>Source files\XCAFDoc</Filter>
    </ClCompile>
    <ClCompile Include="..\..\..\src\XCAFDoc\XCAFDoc_Location.cxx">
      <Filter>Source files\XCAFDoc</Filter>
    </ClCompile>
    <ClCompile Include="..\..\..\src\XCAFDoc\XCAFDoc_Material.cxx">
      <Filter>Source files\XCAFDoc</Filter>
    </ClCompile>
    <ClCompile Include="..\..\..\src\XCAFDoc\XCAFDoc_MaterialTool.cxx">
      <Filter>Source files\XCAFDoc</Filter>
    </ClCompile>
    <ClCompile Include="..\..\..\src\XCAFDoc\XCAFDoc_Note.cxx">
      <Filter>Source files\XCAFDoc</Filter>
    </ClCompile>
    <ClCompile Include="..\..\..\src\XCAFDoc\XCAFDoc_NoteBalloon.cxx">
      <Filter>Source files\XCAFDoc</Filter>
    </ClCompile>
    <ClCompile Include="..\..\..\src\XCAFDoc\XCAFDoc_NoteBinData.cxx">
      <Filter>Source files\XCAFDoc</Filter>
    </ClCompile>
    <ClCompile Include="..\..\..\src\XCAFDoc\XCAFDoc_NoteComment.cxx">
      <Filter>Source files\XCAFDoc</Filter>
    </ClCompile>
    <ClCompile Include="..\..\..\src\XCAFDoc\XCAFDoc_NotesTool.cxx">
      <Filter>Source files\XCAFDoc</Filter>
    </ClCompile>
    <ClCompile Include="..\..\..\src\XCAFDoc\XCAFDoc_ShapeMapTool.cxx">
      <Filter>Source files\XCAFDoc</Filter>
    </ClCompile>
    <ClCompile Include="..\..\..\src\XCAFDoc\XCAFDoc_ShapeTool.cxx">
      <Filter>Source files\XCAFDoc</Filter>
    </ClCompile>
    <ClCompile Include="..\..\..\src\XCAFDoc\XCAFDoc_View.cxx">
      <Filter>Source files\XCAFDoc</Filter>
    </ClCompile>
    <ClCompile Include="..\..\..\src\XCAFDoc\XCAFDoc_ViewTool.cxx">
      <Filter>Source files\XCAFDoc</Filter>
    </ClCompile>
    <ClCompile Include="..\..\..\src\XCAFDoc\XCAFDoc_Volume.cxx">
      <Filter>Source files\XCAFDoc</Filter>
    </ClCompile>
    <ClCompile Include="..\..\..\src\XCAFPrs\XCAFPrs.cxx">
      <Filter>Source files\XCAFPrs</Filter>
    </ClCompile>
    <ClCompile Include="..\..\..\src\XCAFPrs\XCAFPrs_AISObject.cxx">
      <Filter>Source files\XCAFPrs</Filter>
    </ClCompile>
    <ClCompile Include="..\..\..\src\XCAFPrs\XCAFPrs_DocumentExplorer.cxx">
      <Filter>Source files\XCAFPrs</Filter>
    </ClCompile>
    <ClCompile Include="..\..\..\src\XCAFPrs\XCAFPrs_Driver.cxx">
      <Filter>Source files\XCAFPrs</Filter>
    </ClCompile>
    <ClCompile Include="..\..\..\src\XCAFPrs\XCAFPrs_Style.cxx">
      <Filter>Source files\XCAFPrs</Filter>
    </ClCompile>
    <ClCompile Include="..\..\..\src\XCAFView\XCAFView_Object.cxx">
      <Filter>Source files\XCAFView</Filter>
    </ClCompile>
  </ItemGroup>
  <ItemGroup>
    <ClInclude Include="..\..\..\src\XCAFApp\XCAFApp_Application.hxx">
      <Filter>Header files\XCAFApp</Filter>
    </ClInclude>
    <ClInclude Include="..\..\..\src\XCAFDimTolObjects\XCAFDimTolObjects_DataMapOfToleranceDatum.hxx">
      <Filter>Header files\XCAFDimTolObjects</Filter>
    </ClInclude>
    <ClInclude Include="..\..\..\src\XCAFDimTolObjects\XCAFDimTolObjects_DatumModifWithValue.hxx">
      <Filter>Header files\XCAFDimTolObjects</Filter>
    </ClInclude>
    <ClInclude Include="..\..\..\src\XCAFDimTolObjects\XCAFDimTolObjects_DatumModifiersSequence.hxx">
      <Filter>Header files\XCAFDimTolObjects</Filter>
    </ClInclude>
    <ClInclude Include="..\..\..\src\XCAFDimTolObjects\XCAFDimTolObjects_DatumObject.hxx">
      <Filter>Header files\XCAFDimTolObjects</Filter>
    </ClInclude>
    <ClInclude Include="..\..\..\src\XCAFDimTolObjects\XCAFDimTolObjects_DatumObjectSequence.hxx">
      <Filter>Header files\XCAFDimTolObjects</Filter>
    </ClInclude>
    <ClInclude Include="..\..\..\src\XCAFDimTolObjects\XCAFDimTolObjects_DatumSingleModif.hxx">
      <Filter>Header files\XCAFDimTolObjects</Filter>
    </ClInclude>
    <ClInclude Include="..\..\..\src\XCAFDimTolObjects\XCAFDimTolObjects_DatumTargetType.hxx">
      <Filter>Header files\XCAFDimTolObjects</Filter>
    </ClInclude>
    <ClInclude Include="..\..\..\src\XCAFDimTolObjects\XCAFDimTolObjects_DimensionFormVariance.hxx">
      <Filter>Header files\XCAFDimTolObjects</Filter>
    </ClInclude>
    <ClInclude Include="..\..\..\src\XCAFDimTolObjects\XCAFDimTolObjects_DimensionGrade.hxx">
      <Filter>Header files\XCAFDimTolObjects</Filter>
    </ClInclude>
    <ClInclude Include="..\..\..\src\XCAFDimTolObjects\XCAFDimTolObjects_DimensionModif.hxx">
      <Filter>Header files\XCAFDimTolObjects</Filter>
    </ClInclude>
    <ClInclude Include="..\..\..\src\XCAFDimTolObjects\XCAFDimTolObjects_DimensionModifiersSequence.hxx">
      <Filter>Header files\XCAFDimTolObjects</Filter>
    </ClInclude>
    <ClInclude Include="..\..\..\src\XCAFDimTolObjects\XCAFDimTolObjects_DimensionObject.hxx">
      <Filter>Header files\XCAFDimTolObjects</Filter>
    </ClInclude>
    <ClInclude Include="..\..\..\src\XCAFDimTolObjects\XCAFDimTolObjects_DimensionObjectSequence.hxx">
      <Filter>Header files\XCAFDimTolObjects</Filter>
    </ClInclude>
    <ClInclude Include="..\..\..\src\XCAFDimTolObjects\XCAFDimTolObjects_DimensionQualifier.hxx">
      <Filter>Header files\XCAFDimTolObjects</Filter>
    </ClInclude>
    <ClInclude Include="..\..\..\src\XCAFDimTolObjects\XCAFDimTolObjects_DimensionType.hxx">
      <Filter>Header files\XCAFDimTolObjects</Filter>
    </ClInclude>
    <ClInclude Include="..\..\..\src\XCAFDimTolObjects\XCAFDimTolObjects_GeomToleranceMatReqModif.hxx">
      <Filter>Header files\XCAFDimTolObjects</Filter>
    </ClInclude>
    <ClInclude Include="..\..\..\src\XCAFDimTolObjects\XCAFDimTolObjects_GeomToleranceModif.hxx">
      <Filter>Header files\XCAFDimTolObjects</Filter>
    </ClInclude>
    <ClInclude Include="..\..\..\src\XCAFDimTolObjects\XCAFDimTolObjects_GeomToleranceModifiersSequence.hxx">
      <Filter>Header files\XCAFDimTolObjects</Filter>
    </ClInclude>
    <ClInclude Include="..\..\..\src\XCAFDimTolObjects\XCAFDimTolObjects_GeomToleranceObject.hxx">
      <Filter>Header files\XCAFDimTolObjects</Filter>
    </ClInclude>
    <ClInclude Include="..\..\..\src\XCAFDimTolObjects\XCAFDimTolObjects_GeomToleranceObjectSequence.hxx">
      <Filter>Header files\XCAFDimTolObjects</Filter>
    </ClInclude>
    <ClInclude Include="..\..\..\src\XCAFDimTolObjects\XCAFDimTolObjects_GeomToleranceType.hxx">
      <Filter>Header files\XCAFDimTolObjects</Filter>
    </ClInclude>
    <ClInclude Include="..\..\..\src\XCAFDimTolObjects\XCAFDimTolObjects_GeomToleranceTypeValue.hxx">
      <Filter>Header files\XCAFDimTolObjects</Filter>
    </ClInclude>
    <ClInclude Include="..\..\..\src\XCAFDimTolObjects\XCAFDimTolObjects_GeomToleranceZoneModif.hxx">
      <Filter>Header files\XCAFDimTolObjects</Filter>
    </ClInclude>
    <ClInclude Include="..\..\..\src\XCAFDimTolObjects\XCAFDimTolObjects_ToleranceZoneAffectedPlane.hxx">
      <Filter>Header files\XCAFDimTolObjects</Filter>
    </ClInclude>
    <ClInclude Include="..\..\..\src\XCAFDimTolObjects\XCAFDimTolObjects_Tool.hxx">
      <Filter>Header files\XCAFDimTolObjects</Filter>
    </ClInclude>
    <ClInclude Include="..\..\..\src\XCAFNoteObjects\XCAFNoteObjects_NoteObject.hxx">
      <Filter>Header files\XCAFNoteObjects</Filter>
    </ClInclude>
    <ClInclude Include="..\..\..\src\XCAFDoc\XCAFDoc.hxx">
      <Filter>Header files\XCAFDoc</Filter>
    </ClInclude>
    <ClInclude Include="..\..\..\src\XCAFDoc\XCAFDoc_Area.hxx">
      <Filter>Header files\XCAFDoc</Filter>
    </ClInclude>
    <ClInclude Include="..\..\..\src\XCAFDoc\XCAFDoc_AssemblyItemId.hxx">
      <Filter>Header files\XCAFDoc</Filter>
    </ClInclude>
    <ClInclude Include="..\..\..\src\XCAFDoc\XCAFDoc_AssemblyItemRef.hxx">
      <Filter>Header files\XCAFDoc</Filter>
    </ClInclude>
    <ClInclude Include="..\..\..\src\XCAFDoc\XCAFDoc_Centroid.hxx">
      <Filter>Header files\XCAFDoc</Filter>
    </ClInclude>
    <ClInclude Include="..\..\..\src\XCAFDoc\XCAFDoc_ClippingPlaneTool.hxx">
      <Filter>Header files\XCAFDoc</Filter>
    </ClInclude>
    <ClInclude Include="..\..\..\src\XCAFDoc\XCAFDoc_Color.hxx">
      <Filter>Header files\XCAFDoc</Filter>
    </ClInclude>
    <ClInclude Include="..\..\..\src\XCAFDoc\XCAFDoc_ColorTool.hxx">
      <Filter>Header files\XCAFDoc</Filter>
    </ClInclude>
    <ClInclude Include="..\..\..\src\XCAFDoc\XCAFDoc_ColorType.hxx">
      <Filter>Header files\XCAFDoc</Filter>
    </ClInclude>
    <ClInclude Include="..\..\..\src\XCAFDoc\XCAFDoc_DataMapIteratorOfDataMapOfShapeLabel.hxx">
      <Filter>Header files\XCAFDoc</Filter>
    </ClInclude>
    <ClInclude Include="..\..\..\src\XCAFDoc\XCAFDoc_DataMapOfShapeLabel.hxx">
      <Filter>Header files\XCAFDoc</Filter>
    </ClInclude>
    <ClInclude Include="..\..\..\src\XCAFDoc\XCAFDoc_Datum.hxx">
      <Filter>Header files\XCAFDoc</Filter>
    </ClInclude>
    <ClInclude Include="..\..\..\src\XCAFDoc\XCAFDoc_DimTol.hxx">
      <Filter>Header files\XCAFDoc</Filter>
    </ClInclude>
    <ClInclude Include="..\..\..\src\XCAFDoc\XCAFDoc_DimTolTool.hxx">
      <Filter>Header files\XCAFDoc</Filter>
    </ClInclude>
    <ClInclude Include="..\..\..\src\XCAFDoc\XCAFDoc_Dimension.hxx">
      <Filter>Header files\XCAFDoc</Filter>
    </ClInclude>
    <ClInclude Include="..\..\..\src\XCAFDoc\XCAFDoc_DocumentTool.hxx">
      <Filter>Header files\XCAFDoc</Filter>
    </ClInclude>
    <ClInclude Include="..\..\..\src\XCAFDoc\XCAFDoc_Editor.hxx">
      <Filter>Header files\XCAFDoc</Filter>
    </ClInclude>
    <ClInclude Include="..\..\..\src\XCAFDoc\XCAFDoc_GeomTolerance.hxx">
      <Filter>Header files\XCAFDoc</Filter>
    </ClInclude>
    <ClInclude Include="..\..\..\src\XCAFDoc\XCAFDoc_GraphNode.hxx">
      <Filter>Header files\XCAFDoc</Filter>
    </ClInclude>
    <ClInclude Include="..\..\..\src\XCAFDoc\XCAFDoc_GraphNodeSequence.hxx">
      <Filter>Header files\XCAFDoc</Filter>
    </ClInclude>
    <ClInclude Include="..\..\..\src\XCAFDoc\XCAFDoc_LayerTool.hxx">
      <Filter>Header files\XCAFDoc</Filter>
    </ClInclude>
    <ClInclude Include="..\..\..\src\XCAFDoc\XCAFDoc_Location.hxx">
      <Filter>Header files\XCAFDoc</Filter>
    </ClInclude>
    <ClInclude Include="..\..\..\src\XCAFDoc\XCAFDoc_Material.hxx">
      <Filter>Header files\XCAFDoc</Filter>
    </ClInclude>
    <ClInclude Include="..\..\..\src\XCAFDoc\XCAFDoc_MaterialTool.hxx">
      <Filter>Header files\XCAFDoc</Filter>
    </ClInclude>
    <ClInclude Include="..\..\..\src\XCAFDoc\XCAFDoc_Note.hxx">
      <Filter>Header files\XCAFDoc</Filter>
    </ClInclude>
    <ClInclude Include="..\..\..\src\XCAFDoc\XCAFDoc_NoteBalloon.hxx">
      <Filter>Header files\XCAFDoc</Filter>
    </ClInclude>
    <ClInclude Include="..\..\..\src\XCAFDoc\XCAFDoc_NoteBinData.hxx">
      <Filter>Header files\XCAFDoc</Filter>
    </ClInclude>
    <ClInclude Include="..\..\..\src\XCAFDoc\XCAFDoc_NoteComment.hxx">
      <Filter>Header files\XCAFDoc</Filter>
    </ClInclude>
    <ClInclude Include="..\..\..\src\XCAFDoc\XCAFDoc_NotesTool.hxx">
      <Filter>Header files\XCAFDoc</Filter>
    </ClInclude>
    <ClInclude Include="..\..\..\src\XCAFDoc\XCAFDoc_PartId.hxx">
      <Filter>Header files\XCAFDoc</Filter>
    </ClInclude>
    <ClInclude Include="..\..\..\src\XCAFDoc\XCAFDoc_ShapeMapTool.hxx">
      <Filter>Header files\XCAFDoc</Filter>
    </ClInclude>
    <ClInclude Include="..\..\..\src\XCAFDoc\XCAFDoc_ShapeTool.hxx">
      <Filter>Header files\XCAFDoc</Filter>
    </ClInclude>
    <ClInclude Include="..\..\..\src\XCAFDoc\XCAFDoc_View.hxx">
      <Filter>Header files\XCAFDoc</Filter>
    </ClInclude>
    <ClInclude Include="..\..\..\src\XCAFDoc\XCAFDoc_ViewTool.hxx">
      <Filter>Header files\XCAFDoc</Filter>
    </ClInclude>
    <ClInclude Include="..\..\..\src\XCAFDoc\XCAFDoc_Volume.hxx">
      <Filter>Header files\XCAFDoc</Filter>
    </ClInclude>
    <ClInclude Include="..\..\..\src\XCAFPrs\XCAFPrs.hxx">
      <Filter>Header files\XCAFPrs</Filter>
    </ClInclude>
    <ClInclude Include="..\..\..\src\XCAFPrs\XCAFPrs_AISObject.hxx">
      <Filter>Header files\XCAFPrs</Filter>
    </ClInclude>
    <ClInclude Include="..\..\..\src\XCAFPrs\XCAFPrs_DataMapIteratorOfDataMapOfStyleShape.hxx">
      <Filter>Header files\XCAFPrs</Filter>
    </ClInclude>
    <ClInclude Include="..\..\..\src\XCAFPrs\XCAFPrs_DataMapIteratorOfDataMapOfStyleTransient.hxx">
      <Filter>Header files\XCAFPrs</Filter>
    </ClInclude>
    <ClInclude Include="..\..\..\src\XCAFPrs\XCAFPrs_DataMapIteratorOfIndexedDataMapOfShapeStyle.hxx">
      <Filter>Header files\XCAFPrs</Filter>
    </ClInclude>
    <ClInclude Include="..\..\..\src\XCAFPrs\XCAFPrs_DataMapOfStyleShape.hxx">
      <Filter>Header files\XCAFPrs</Filter>
    </ClInclude>
    <ClInclude Include="..\..\..\src\XCAFPrs\XCAFPrs_DataMapOfStyleTransient.hxx">
      <Filter>Header files\XCAFPrs</Filter>
    </ClInclude>
    <ClInclude Include="..\..\..\src\XCAFPrs\XCAFPrs_DocumentExplorer.hxx">
      <Filter>Header files\XCAFPrs</Filter>
    </ClInclude>
    <ClInclude Include="..\..\..\src\XCAFPrs\XCAFPrs_DocumentIdIterator.hxx">
      <Filter>Header files\XCAFPrs</Filter>
    </ClInclude>
    <ClInclude Include="..\..\..\src\XCAFPrs\XCAFPrs_DocumentNode.hxx">
      <Filter>Header files\XCAFPrs</Filter>
    </ClInclude>
    <ClInclude Include="..\..\..\src\XCAFPrs\XCAFPrs_Driver.hxx">
      <Filter>Header files\XCAFPrs</Filter>
    </ClInclude>
    <ClInclude Include="..\..\..\src\XCAFPrs\XCAFPrs_IndexedDataMapOfShapeStyle.hxx">
      <Filter>Header files\XCAFPrs</Filter>
    </ClInclude>
    <ClInclude Include="..\..\..\src\XCAFPrs\XCAFPrs_Style.hxx">
      <Filter>Header files\XCAFPrs</Filter>
    </ClInclude>
    <ClInclude Include="..\..\..\src\XCAFView\XCAFView_Object.hxx">
      <Filter>Header files\XCAFView</Filter>
    </ClInclude>
    <ClInclude Include="..\..\..\src\XCAFView\XCAFView_ProjectionType.hxx">
      <Filter>Header files\XCAFView</Filter>
    </ClInclude>
  </ItemGroup>
  <ItemGroup>
    <ResourceCompile Include="TKXCAF.rc" />
  </ItemGroup>
</Project>
