// !$*UTF8*$!
{
	archiveVersion = 1;
	classes = {
	};
	objectVersion = 46;
	objects = {

		188E0BEE019E06C90BA71428 = {isa = PBXBuildFile; fileRef = 123117CD1286016A12F01877 ;};

		066B0198016113B1195F0BE8 = {isa = PBXBuildFile; fileRef = 151506C511B218F303950A1F ; };
		00130F8207AA08A3102D10F8 = {isa = PBXBuildFile; fileRef = 0FFD121300840B4B17540508 ; };
		03240419150A1971127A1848 = {isa = PBXBuildFile; fileRef = 0C2019420CB2149602BD1779 ; };
		178610530E7E044401F30A7E = {isa = PBXBuildFile; fileRef = 088B0A8C1744185A043F0A7F ; };
		0A9A17C70FED16ED03690631 = {isa = PBXBuildFile; fileRef = 195A15EC14E512F711090808 ; };
		0B750590079307AA0FAD0BFA = {isa = PBXBuildFile; fileRef = 045815B213810B4B11D409AA ; };
		1388119500BF09C3023B036A = {isa = PBXBuildFile; fileRef = 16DC0BB503BF039115D810CB ; };
		10670962110204F210F90AAC = {isa = PBXBuildFile; fileRef = 017018EB0BF8123D01F31274 ; };
		02E7064D02F00A4F02670C36 = {isa = PBXBuildFile; fileRef = 0A8B0AA50BB30D4C0940129D ; };
		0D9C03210B810ACB045F1072 = {isa = PBXBuildFile; fileRef = 14CB171903D203CF051A0A21 ; };
		005F0F9B041C136200B90537 = {isa = PBXBuildFile; fileRef = 15FC10720C7E193001A20160 ; };
		06970AEF11FD041A0AA002C9 = {isa = PBXBuildFile; fileRef = 11F00CD419000C4B0A1E0BF0 ; };
		159E0239163D0C9A0BBF195C = {isa = PBXBuildFile; fileRef = 0F77126B17B8050E18280149 ; };

		02E30E8E139E0F6F0D5414BD = {isa = PBXFileReference; explicitFileType = "compiled.mach-o.executable"; includeInIndex = 0; path = DRAWEXE; sourceTree = BUILT_PRODUCTS_DIR; };

		123117CD1286016A12F01877 = {isa = PBXFileReference; fileEncoding = 4; lastKnownFileType = sourcecode.cpp.cpp; name = DRAWEXE.cxx; path = ../../../src/DRAWEXE/DRAWEXE.cxx; sourceTree = "<group>"; };

		151506C511B218F303950A1F = {isa = PBXFileReference; lastKnownFileType = file; name = libTKDraw.dylib; path = libTKDraw.dylib; sourceTree = "<group>"; };
		0FFD121300840B4B17540508 = {isa = PBXFileReference; lastKnownFileType = file; name = libTKMesh.dylib; path = libTKMesh.dylib; sourceTree = "<group>"; };
		0C2019420CB2149602BD1779 = {isa = PBXFileReference; lastKnownFileType = file; name = libTKShHealing.dylib; path = libTKShHealing.dylib; sourceTree = "<group>"; };
		088B0A8C1744185A043F0A7F = {isa = PBXFileReference; lastKnownFileType = file; name = libTKTopAlgo.dylib; path = libTKTopAlgo.dylib; sourceTree = "<group>"; };
		195A15EC14E512F711090808 = {isa = PBXFileReference; lastKnownFileType = file; name = libTKHLR.dylib; path = libTKHLR.dylib; sourceTree = "<group>"; };
		045815B213810B4B11D409AA = {isa = PBXFileReference; lastKnownFileType = file; name = libTKGeomAlgo.dylib; path = libTKGeomAlgo.dylib; sourceTree = "<group>"; };
		16DC0BB503BF039115D810CB = {isa = PBXFileReference; lastKnownFileType = file; name = libTKGeomBase.dylib; path = libTKGeomBase.dylib; sourceTree = "<group>"; };
		017018EB0BF8123D01F31274 = {isa = PBXFileReference; lastKnownFileType = file; name = libTKG2d.dylib; path = libTKG2d.dylib; sourceTree = "<group>"; };
		0A8B0AA50BB30D4C0940129D = {isa = PBXFileReference; lastKnownFileType = file; name = libTKBRep.dylib; path = libTKBRep.dylib; sourceTree = "<group>"; };
		14CB171903D203CF051A0A21 = {isa = PBXFileReference; lastKnownFileType = file; name = libTKMath.dylib; path = libTKMath.dylib; sourceTree = "<group>"; };
		15FC10720C7E193001A20160 = {isa = PBXFileReference; lastKnownFileType = file; name = libTKG3d.dylib; path = libTKG3d.dylib; sourceTree = "<group>"; };
		11F00CD419000C4B0A1E0BF0 = {isa = PBXFileReference; lastKnownFileType = file; name = libTKernel.dylib; path = libTKernel.dylib; sourceTree = "<group>"; };
		0F77126B17B8050E18280149 = {isa = PBXFileReference; lastKnownFileType = file; name = libTKService.dylib; path = libTKService.dylib; sourceTree = "<group>"; };

		0619097C0CFB14F40E7F17FF = {
			isa = PBXFrameworksBuildPhase;
			buildActionMask = 2147483647;
			files = (
				066B0198016113B1195F0BE8 ,
				00130F8207AA08A3102D10F8 ,
				03240419150A1971127A1848 ,
				178610530E7E044401F30A7E ,
				0A9A17C70FED16ED03690631 ,
				0B750590079307AA0FAD0BFA ,
				1388119500BF09C3023B036A ,
				10670962110204F210F90AAC ,
				02E7064D02F00A4F02670C36 ,
				0D9C03210B810ACB045F1072 ,
				005F0F9B041C136200B90537 ,
				06970AEF11FD041A0AA002C9 ,
				159E0239163D0C9A0BBF195C ,

			);
			runOnlyForDeploymentPostprocessing = 0;
		};

		0312008C07E501C405060DBB = {
			isa = PBXGroup;
			children = (
				123117CD1286016A12F01877 ,
			);
			name = DRAWEXE;
			sourceTree = "<group>";
		};

		16CA0890049602E605B216CD = {
			isa = PBXGroup;
			children = (
				151506C511B218F303950A1F ,
				0FFD121300840B4B17540508 ,
				0C2019420CB2149602BD1779 ,
				088B0A8C1744185A043F0A7F ,
				195A15EC14E512F711090808 ,
				045815B213810B4B11D409AA ,
				16DC0BB503BF039115D810CB ,
				017018EB0BF8123D01F31274 ,
				0A8B0AA50BB30D4C0940129D ,
				14CB171903D203CF051A0A21 ,
				15FC10720C7E193001A20160 ,
				11F00CD419000C4B0A1E0BF0 ,
				0F77126B17B8050E18280149 ,

				0D3216250675022507ED1202 ,
				02E30E8E139E0F6F0D5414BD ,
			);
			sourceTree = "<group>";
		};
		0D3216250675022507ED1202 = {
			isa = PBXGroup;
			children = (
				0312008C07E501C405060DBB ,
			);
			name = "Source files";
			sourceTree = "<group>";
		};

		07D001E608BA05840E1103A2 = {
			isa = PBXCopyFilesBuildPhase;
			buildActionMask = 2147483647;
			files = (
			);
			runOnlyForDeploymentPostprocessing = 1;
		};

		0E480E390EEF15DF04690A22 = {
			isa = PBXNativeTarget;
			buildConfigurationList = 1702108A14151605123600EB ;
			buildPhases = (
				029A150C1847149E0EA50F7A ,
				0619097C0CFB14F40E7F17FF ,
				07D001E608BA05840E1103A2 ,
			);
			buildRules = (
			);
			dependencies = (
			);
			name = DRAWEXE;
			productName = DRAWEXE;
			productReference = 02E30E8E139E0F6F0D5414BD ;
			productType = "com.apple.product-type.tool";
		};

		092518D90D0D0697110C148F = {
			isa = PBXProject;
			attributes = {
				LastUpgradeCheck = 0430;
			};
			buildConfigurationList = 138E17120662121D001C01F4 ;
			compatibilityVersion = "Xcode 3.2";
			developmentRegion = English;
			hasScannedForEncodings = 0;
			knownRegions = (
				en,
			);
			mainGroup = 16CA0890049602E605B216CD;
			productRefGroup = 16CA0890049602E605B216CD;
			projectDirPath = "";
			projectRoot = "";
			targets = (
				0E480E390EEF15DF04690A22 ,
			);
		};

		029A150C1847149E0EA50F7A = {
			isa = PBXSourcesBuildPhase;
			buildActionMask = 2147483647;
			files = (
				188E0BEE019E06C90BA71428 ,

			);
			runOnlyForDeploymentPostprocessing = 0;
		};

		0C0E18B705580B021955083F = {
			isa = XCBuildConfiguration;
			buildSettings = {
				DEBUG_INFORMATION_FORMAT = dwarf;
				ALWAYS_SEARCH_USER_PATHS = NO;
				ARCHS = "$(ARCHS_STANDARD_64_BIT)";
				CLANG_CXX_LIBRARY = "libc++";
				CLANG_CXX_LANGUAGE_STANDARD = "c++0x";
				COPY_PHASE_STRIP = NO;
				GCC_C_LANGUAGE_STANDARD = gnu99;
				GCC_DYNAMIC_NO_PIC = NO;
				GCC_ENABLE_OBJC_EXCEPTIONS = YES;
				GCC_OPTIMIZATION_LEVEL = 0;
				GCC_PREPROCESSOR_DEFINITIONS = (
					"DEBUG=1",
					"$(inherited)",
				);
				GCC_SYMBOLS_PRIVATE_EXTERN = NO;
				GCC_VERSION = com.apple.compilers.llvm.clang.1_0;
				GCC_WARN_64_TO_32_BIT_CONVERSION = YES;
				GCC_WARN_ABOUT_RETURN_TYPE = YES;
				GCC_WARN_UNINITIALIZED_AUTOS = YES;
				GCC_WARN_UNUSED_VARIABLE = YES;
				OTHER_LDFLAGS = "$(CSF_OPT_LNK64D)"; 
				ONLY_ACTIVE_ARCH = YES;
			};
			name = Debug;
		};
		12E4093402840CFB05B9143C = {
			isa = XCBuildConfiguration;
			buildSettings = {
				DEBUG_INFORMATION_FORMAT = "dwarf-with-dsym";
				ALWAYS_SEARCH_USER_PATHS = NO;
				ARCHS = "$(ARCHS_STANDARD_64_BIT)";
				CLANG_CXX_LIBRARY = "libc++";
				CLANG_CXX_LANGUAGE_STANDARD = "c++0x";
				COPY_PHASE_STRIP = YES;
				GCC_C_LANGUAGE_STANDARD = gnu99;
				GCC_ENABLE_OBJC_EXCEPTIONS = YES;
				DEAD_CODE_STRIPPING = NO;
				GCC_OPTIMIZATION_LEVEL = 2;
				GCC_VERSION = com.apple.compilers.llvm.clang.1_0;
				GCC_WARN_64_TO_32_BIT_CONVERSION = YES;
				GCC_WARN_ABOUT_RETURN_TYPE = YES;
				GCC_WARN_UNINITIALIZED_AUTOS = YES;
				GCC_WARN_UNUSED_VARIABLE = YES;
				OTHER_LDFLAGS = "$(CSF_OPT_LNK64)";
			};
			name = Release;
		};
		08710EB20FEC126F02BC0E6F = {
			isa = XCBuildConfiguration;
			buildSettings = {


				GCC_PREPROCESSOR_DEFINITIONS = (
					OCC_CONVERT_SIGNALS ,
				);
				HEADER_SEARCH_PATHS = (
					../../../inc,
					/usr/local/include,
					/Users/mnt/tools/WOK680/3rdparty/mac64/gl2ps/include,
					/Users/mnt/tools/WOK680/3rdparty/mac64/tbb42_20140416oss/include,
					/Users/mnt/tools/WOK680/3rdparty/mac64/FreeType2/include,
					/Users/mnt/tools/WOK680/3rdparty/mac64/FreeType2/include/freetype,
					/Users/mnt/tools/WOK680/3rdparty/mac64/FreeImage/include,
					/Users/mnt/builds/OCCT-740_OCCT-740/MacOS-opt/OCCT/inc,
					"$(CSF_OPT_INC)",
				);
				LIBRARY_SEARCH_PATHS = (
					/usr,
					/usr/lib,
					/Users/mnt/tools/WOK680/site/../3rdparty/mac64/gl2ps/lib,
					/Users/mnt/tools/WOK680/3rdparty/mac64/tbb42_20140416oss/lib,
					/Users/mnt/tools/WOK680/3rdparty/mac64/FreeImage/lib,
					/Users/mnt/tools/WOK680/3rdparty/mac64/FreeType2/lib,
					/Users/mnt/builds/OCCT-740_OCCT-740/MacOS-opt/OCCT/adm/mac/xcd/build/Release,
				);
				OTHER_CFLAGS = (
					"$(CSF_OPT_CMPL)",
				);
				OTHER_CPLUSPLUSFLAGS = (
					"$(OTHER_CFLAGS)",
				);
				PRODUCT_NAME = "$(TARGET_NAME)";
				USER_HEADER_SEARCH_PATHS = " ../../../inc /usr/local/include /Users/mnt/tools/WOK680/3rdparty/mac64/gl2ps/include /Users/mnt/tools/WOK680/3rdparty/mac64/tbb42_20140416oss/include /Users/mnt/tools/WOK680/3rdparty/mac64/FreeType2/include /Users/mnt/tools/WOK680/3rdparty/mac64/FreeType2/include/freetype /Users/mnt/tools/WOK680/3rdparty/mac64/FreeImage/include /Users/mnt/builds/OCCT-740_OCCT-740/MacOS-opt/OCCT/inc";

			};
			name = Debug;
		};
		107A123001F30C30187B1311 = {
			isa = XCBuildConfiguration;
			buildSettings = {


				GCC_PREPROCESSOR_DEFINITIONS = (
					OCC_CONVERT_SIGNALS ,
				);
				HEADER_SEARCH_PATHS = (
					../../../inc,
					/usr/local/include,
					/Users/mnt/tools/WOK680/3rdparty/mac64/gl2ps/include,
					/Users/mnt/tools/WOK680/3rdparty/mac64/tbb42_20140416oss/include,
					/Users/mnt/tools/WOK680/3rdparty/mac64/FreeType2/include,
					/Users/mnt/tools/WOK680/3rdparty/mac64/FreeType2/include/freetype,
					/Users/mnt/tools/WOK680/3rdparty/mac64/FreeImage/include,
					/Users/mnt/builds/OCCT-740_OCCT-740/MacOS-opt/OCCT/inc,
					"$(CSF_OPT_INC)",
				);
				LIBRARY_SEARCH_PATHS = (
					/usr,
					/usr/lib,
					/Users/mnt/tools/WOK680/site/../3rdparty/mac64/gl2ps/lib,
					/Users/mnt/tools/WOK680/3rdparty/mac64/tbb42_20140416oss/lib,
					/Users/mnt/tools/WOK680/3rdparty/mac64/FreeImage/lib,
					/Users/mnt/tools/WOK680/3rdparty/mac64/FreeType2/lib,
					/Users/mnt/builds/OCCT-740_OCCT-740/MacOS-opt/OCCT/adm/mac/xcd/build/Release,
				);
				OTHER_CFLAGS = (
					"$(CSF_OPT_CMPL)",
				);
				OTHER_CPLUSPLUSFLAGS = (
					"$(OTHER_CFLAGS)",
				);
				PRODUCT_NAME = "$(TARGET_NAME)";
				USER_HEADER_SEARCH_PATHS = " ../../../inc /usr/local/include /Users/mnt/tools/WOK680/3rdparty/mac64/gl2ps/include /Users/mnt/tools/WOK680/3rdparty/mac64/tbb42_20140416oss/include /Users/mnt/tools/WOK680/3rdparty/mac64/FreeType2/include /Users/mnt/tools/WOK680/3rdparty/mac64/FreeType2/include/freetype /Users/mnt/tools/WOK680/3rdparty/mac64/FreeImage/include /Users/mnt/builds/OCCT-740_OCCT-740/MacOS-opt/OCCT/inc";

			};
			name = Release;
		};

		138E17120662121D001C01F4 = {
			isa = XCConfigurationList;
		buildConfigurations = (
				0C0E18B705580B021955083F ,
				12E4093402840CFB05B9143C ,
			);
			defaultConfigurationIsVisible = 0;
			defaultConfigurationName = Release;
		};
		1702108A14151605123600EB = {
			isa = XCConfigurationList;
			buildConfigurations = (
				08710EB20FEC126F02BC0E6F ,
				107A123001F30C30187B1311 ,
			);
			defaultConfigurationIsVisible = 0;
			defaultConfigurationName = Release;
		};

	};
	rootObject = 092518D90D0D0697110C148F ;
}
